<?xml version="1.0" encoding="utf-8"?>
<Project ToolsVersion="4.0" xmlns="http://schemas.microsoft.com/developer/msbuild/2003">
  <ItemGroup>
    <Filter Include="Source Files">
      <UniqueIdentifier>{4FC737F1-C7A5-4376-A066-2A32D752A2FF}</UniqueIdentifier>
      <Extensions>cpp;c;cc;cxx;def;odl;idl;hpj;bat;asm;asmx</Extensions>
    </Filter>
    <Filter Include="Header Files">
      <UniqueIdentifier>{93995380-89BD-4b04-88EB-625FBE52EBFB}</UniqueIdentifier>
      <Extensions>h;hh;hpp;hxx;hm;inl;inc;ipp;xsd</Extensions>
    </Filter>
    <Filter Include="Resource Files">
      <UniqueIdentifier>{67DA6AB6-F800-4c08-8B7A-83BB121AAD01}</UniqueIdentifier>
      <Extensions>rc;ico;cur;bmp;dlg;rc2;rct;bin;rgs;gif;jpg;jpeg;jpe;resx;tiff;tif;png;wav;mfcribbon-ms</Extensions>
    </Filter>
    <Filter Include="Header Files\Messages">
      <UniqueIdentifier>{798ffa2f-1335-4be1-91d4-4fae94154323}</UniqueIdentifier>
    </Filter>
    <Filter Include="Source Files\Messages">
      <UniqueIdentifier>{f37c9a85-18b5-47dc-89be-bad64796766f}</UniqueIdentifier>
    </Filter>
    <Filter Include="Header Files\ORE">
      <UniqueIdentifier>{79fc3a03-8412-4b70-95ad-e33abe8fb730}</UniqueIdentifier>
    </Filter>
    <Filter Include="Source Files\ORE">
      <UniqueIdentifier>{a1386985-0d03-4e80-a7cf-032816cd8523}</UniqueIdentifier>
    </Filter>
    <Filter Include="Header Files\ORE\EnclaveBlock">
      <UniqueIdentifier>{b7dd0cd5-81bc-46cf-8588-0402107d3a47}</UniqueIdentifier>
    </Filter>
    <Filter Include="Source Files\ORE\EnclaveBlock">
      <UniqueIdentifier>{6f2c4bc6-1094-46be-b89a-bb2176ee665e}</UniqueIdentifier>
    </Filter>
    <Filter Include="Header Files\ORE\EnclaveTriangle">
      <UniqueIdentifier>{2c18ef40-f3e6-45b8-ad08-62dde6e8ec49}</UniqueIdentifier>
    </Filter>
    <Filter Include="Source Files\ORE\EnclaveTriangle">
      <UniqueIdentifier>{99efc4e2-5d76-42ce-b3c6-0838321c8ded}</UniqueIdentifier>
    </Filter>
    <Filter Include="Header Files\Fusion">
      <UniqueIdentifier>{08745979-707c-4600-ae46-ea5508ce1f62}</UniqueIdentifier>
    </Filter>
    <Filter Include="Source Files\Fusion">
      <UniqueIdentifier>{9b0d0786-6073-469d-b34d-326aede8f891}</UniqueIdentifier>
    </Filter>
    <Filter Include="Header Files\Fusion\PointResolution">
      <UniqueIdentifier>{0d7ff70c-759f-428b-bae6-197d4f015cd3}</UniqueIdentifier>
    </Filter>
    <Filter Include="Header Files\Fusion\PointResolution\Methods">
      <UniqueIdentifier>{74b4de5a-1fbb-44ef-91c6-b1f7e89016cd}</UniqueIdentifier>
    </Filter>
    <Filter Include="Source Files\Fusion\PointResolution">
      <UniqueIdentifier>{7adf53b5-4886-4176-ad0e-fb5822251781}</UniqueIdentifier>
    </Filter>
    <Filter Include="Source Files\Fusion\PointResolution\Methods">
      <UniqueIdentifier>{abfd4db6-6873-4c71-8bb5-a3b1e2c932c5}</UniqueIdentifier>
    </Filter>
    <Filter Include="Header Files\Fusion\PointResolution\Methods\Resolvers">
      <UniqueIdentifier>{64ad570c-df56-45eb-bb18-c83615f61d75}</UniqueIdentifier>
    </Filter>
    <Filter Include="Source Files\Fusion\PointResolution\Methods\Resolvers">
      <UniqueIdentifier>{e91dffa5-2f69-494e-b2cc-c93f1018e434}</UniqueIdentifier>
    </Filter>
    <Filter Include="Header Files\Neighbors">
      <UniqueIdentifier>{6dc7a6db-2699-437e-963d-b6c8cd27dae7}</UniqueIdentifier>
    </Filter>
    <Filter Include="Source Files\Neighbors">
      <UniqueIdentifier>{f1e21349-75af-4478-aba7-4ffedefb98aa}</UniqueIdentifier>
    </Filter>
    <Filter Include="Header Files\TerrainFormations">
      <UniqueIdentifier>{1c8e5073-f50e-4e33-a3f7-dde3dc828951}</UniqueIdentifier>
    </Filter>
    <Filter Include="Header Files\Operable">
      <UniqueIdentifier>{26a40a78-8dc8-42cb-a29a-11ea9c3de734}</UniqueIdentifier>
    </Filter>
    <Filter Include="Header Files\RippleImpact">
      <UniqueIdentifier>{3209fc69-e149-49d1-9e39-766815825896}</UniqueIdentifier>
    </Filter>
    <Filter Include="Header Files\BoundaryPolyIndicator">
      <UniqueIdentifier>{ca046ded-99f4-47c5-b48c-a4d8155581c2}</UniqueIdentifier>
    </Filter>
    <Filter Include="Header Files\Custom_Containers">
      <UniqueIdentifier>{b4f30adf-47bf-470d-b6eb-821e312ad23c}</UniqueIdentifier>
    </Filter>
    <Filter Include="Header Files\ExceptionRecorder">
      <UniqueIdentifier>{c351417d-910d-41e5-bd6e-8734f05cc826}</UniqueIdentifier>
    </Filter>
    <Filter Include="Source Files\ExceptionRecorder">
      <UniqueIdentifier>{9d10be80-701a-4cb8-b80e-ec49df36c9b9}</UniqueIdentifier>
    </Filter>
    <Filter Include="Header Files\FracturableTriangle">
      <UniqueIdentifier>{383906ba-f6fd-40cf-8daf-40e1788391eb}</UniqueIdentifier>
    </Filter>
    <Filter Include="Source Files\FracturableTriangle">
      <UniqueIdentifier>{dedddf21-6adc-4fbb-81e0-93ce6b3e965c}</UniqueIdentifier>
    </Filter>
    <Filter Include="Header Files\FracturableTriangle\FracturingMachines">
      <UniqueIdentifier>{f9f59192-9e99-49c4-b23f-6d0dcdaad393}</UniqueIdentifier>
    </Filter>
    <Filter Include="Source Files\FracturableTriangle\FracturingMachines">
      <UniqueIdentifier>{bf565c0b-4d83-41f6-8a7c-a0e2cee328b5}</UniqueIdentifier>
    </Filter>
    <Filter Include="Header Files\FracturableTriangle\FTriangleTracer">
      <UniqueIdentifier>{0670afa0-a0d9-4058-95cf-ac5fd1f4cbc9}</UniqueIdentifier>
    </Filter>
    <Filter Include="Source Files\FracturableTriangle\FTriangleTracer">
      <UniqueIdentifier>{85c4ed54-2fd3-4fd6-9f5e-4bf88681fbe0}</UniqueIdentifier>
    </Filter>
  </ItemGroup>
  <ItemGroup>
    <ClInclude Include="stdafx.h">
      <Filter>Header Files</Filter>
    </ClInclude>
    <ClInclude Include="targetver.h">
      <Filter>Header Files</Filter>
    </ClInclude>
    <ClInclude Include="EnclaveKeyDef.h">
      <Filter>Header Files</Filter>
    </ClInclude>
    <ClInclude Include="EuclideanDirection3D.h">
      <Filter>Header Files</Filter>
    </ClInclude>
    <ClInclude Include="BlueprintScanningCuboid.h">
      <Filter>Header Files</Filter>
    </ClInclude>
    <ClInclude Include="ECBPolyPoint.h">
      <Filter>Header Files</Filter>
    </ClInclude>
    <ClInclude Include="DebugOption.h">
      <Filter>Header Files</Filter>
    </ClInclude>
    <ClInclude Include="PolyDebugLevel.h">
      <Filter>Header Files</Filter>
    </ClInclude>
    <ClInclude Include="PolyLogger.h">
      <Filter>Header Files</Filter>
    </ClInclude>
    <ClInclude Include="DebugOptionSet.h">
      <Filter>Header Files</Filter>
    </ClInclude>
    <ClInclude Include="ErrorEnum.h">
      <Filter>Header Files</Filter>
    </ClInclude>
    <ClInclude Include="PrintableError.h">
      <Filter>Header Files</Filter>
    </ClInclude>
    <ClInclude Include="PrintableErrorStack.h">
      <Filter>Header Files</Filter>
    </ClInclude>
    <ClInclude Include="ErrorUtils.h">
      <Filter>Header Files</Filter>
    </ClInclude>
    <ClInclude Include="ErrorSensor.h">
      <Filter>Header Files</Filter>
    </ClInclude>
    <ClInclude Include="SmartIntMap.h">
      <Filter>Header Files</Filter>
    </ClInclude>
    <ClInclude Include="StringToMessageBuilder.h">
      <Filter>Header Files</Filter>
    </ClInclude>
    <ClInclude Include="BlockPolyPoint.h">
      <Filter>Header Files</Filter>
    </ClInclude>
    <ClInclude Include="BlockBorder.h">
      <Filter>Header Files</Filter>
    </ClInclude>
    <ClInclude Include="BlockBorderCornerPoint.h">
      <Filter>Header Files</Filter>
    </ClInclude>
    <ClInclude Include="BlockBorderLineList.h">
      <Filter>Header Files</Filter>
    </ClInclude>
    <ClInclude Include="IndependentUtils.h">
      <Filter>Header Files</Filter>
    </ClInclude>
    <ClInclude Include="ECBPPOrientations.h">
      <Filter>Header Files</Filter>
    </ClInclude>
    <ClInclude Include="ECBPPOrientationResults.h">
      <Filter>Header Files</Filter>
    </ClInclude>
    <ClInclude Include="EnclaveBorderLineList.h">
      <Filter>Header Files</Filter>
    </ClInclude>
    <ClInclude Include="ECBBorder.h">
      <Filter>Header Files</Filter>
    </ClInclude>
    <ClInclude Include="ECBBorderCornerPoint.h">
      <Filter>Header Files</Filter>
    </ClInclude>
    <ClInclude Include="ECBBorderLineList.h">
      <Filter>Header Files</Filter>
    </ClInclude>
    <ClInclude Include="ECBBorderLine.h">
      <Filter>Header Files</Filter>
    </ClInclude>
    <ClInclude Include="BlockBorderMDCorner.h">
      <Filter>Header Files</Filter>
    </ClInclude>
    <ClInclude Include="BlockBorderMDFace.h">
      <Filter>Header Files</Filter>
    </ClInclude>
    <ClInclude Include="BlockBorderMDLine.h">
      <Filter>Header Files</Filter>
    </ClInclude>
    <ClInclude Include="BorderDataMap.h">
      <Filter>Header Files</Filter>
    </ClInclude>
    <ClInclude Include="BorderMDFaceList.h">
      <Filter>Header Files</Filter>
    </ClInclude>
    <ClInclude Include="DynamicBorder.h">
      <Filter>Header Files</Filter>
    </ClInclude>
    <ClInclude Include="DynamicBorderCornerPoint.h">
      <Filter>Header Files</Filter>
    </ClInclude>
    <ClInclude Include="DynamicBorderLineList.h">
      <Filter>Header Files</Filter>
    </ClInclude>
    <ClInclude Include="ECBPolyPointTri.h">
      <Filter>Header Files</Filter>
    </ClInclude>
    <ClInclude Include="DynamicEndpointMeta.h">
      <Filter>Header Files</Filter>
    </ClInclude>
    <ClInclude Include="LinePointSynchronizer.h">
      <Filter>Header Files</Filter>
    </ClInclude>
    <ClInclude Include="DynamicLinePointSynchronizer.h">
      <Filter>Header Files</Filter>
    </ClInclude>
    <ClInclude Include="DynamicSyncExclusionOption.h">
      <Filter>Header Files</Filter>
    </ClInclude>
    <ClInclude Include="DynamicLineSyncResult.h">
      <Filter>Header Files</Filter>
    </ClInclude>
    <ClInclude Include="DynamicLineSyncType.h">
      <Filter>Header Files</Filter>
    </ClInclude>
    <ClInclude Include="Message.h">
      <Filter>Header Files\Messages</Filter>
    </ClInclude>
    <ClInclude Include="MessageBuildResult.h">
      <Filter>Header Files\Messages</Filter>
    </ClInclude>
    <ClInclude Include="MessageCable.h">
      <Filter>Header Files\Messages</Filter>
    </ClInclude>
    <ClInclude Include="MessageInterpreter.h">
      <Filter>Header Files\Messages</Filter>
    </ClInclude>
    <ClInclude Include="MessageLocality.h">
      <Filter>Header Files\Messages</Filter>
    </ClInclude>
    <ClInclude Include="MessageType.h">
      <Filter>Header Files\Messages</Filter>
    </ClInclude>
    <ClInclude Include="FanBase.h">
      <Filter>Header Files\ORE\EnclaveBlock</Filter>
    </ClInclude>
    <ClInclude Include="FanData.h">
      <Filter>Header Files\ORE\EnclaveBlock</Filter>
    </ClInclude>
    <ClInclude Include="ThinFan.h">
      <Filter>Header Files\ORE\EnclaveBlock</Filter>
    </ClInclude>
    <ClInclude Include="FatFan.h">
      <Filter>Header Files\ORE\EnclaveBlock</Filter>
    </ClInclude>
    <ClInclude Include="EnclaveBlockVertex.h">
      <Filter>Header Files\ORE\EnclaveBlock</Filter>
    </ClInclude>
    <ClInclude Include="TertiaryTriangleContainer.h">
      <Filter>Header Files\ORE\EnclaveBlock</Filter>
    </ClInclude>
    <ClInclude Include="SegmentMeta.h">
      <Filter>Header Files\ORE\EnclaveBlock</Filter>
    </ClInclude>
    <ClInclude Include="PrimarySegmentTracker.h">
      <Filter>Header Files\ORE\EnclaveBlock</Filter>
    </ClInclude>
    <ClInclude Include="FaceListMeta.h">
      <Filter>Header Files</Filter>
    </ClInclude>
    <ClInclude Include="InterceptValidity.h">
      <Filter>Header Files</Filter>
    </ClInclude>
    <ClInclude Include="PolyLineEndpointMeta.h">
      <Filter>Header Files\ORE\EnclaveBlock</Filter>
    </ClInclude>
    <ClInclude Include="PLTracingResult.h">
      <Filter>Header Files\ORE\EnclaveBlock</Filter>
    </ClInclude>
    <ClInclude Include="CircuitSegmentType.h">
      <Filter>Header Files\ORE\EnclaveBlock</Filter>
    </ClInclude>
    <ClInclude Include="PrimarySegmentMeta.h">
      <Filter>Header Files\ORE\EnclaveBlock</Filter>
    </ClInclude>
    <ClInclude Include="MicroPolyPointContainer.h">
      <Filter>Header Files\ORE\EnclaveBlock</Filter>
    </ClInclude>
    <ClInclude Include="SCircuitSegment.h">
      <Filter>Header Files\ORE\EnclaveBlock</Filter>
    </ClInclude>
    <ClInclude Include="BlockCircuit.h">
      <Filter>Header Files\ORE\EnclaveBlock</Filter>
    </ClInclude>
    <ClInclude Include="SegmentResult.h">
      <Filter>Header Files\ORE\EnclaveBlock</Filter>
    </ClInclude>
    <ClInclude Include="OrganicWrappedBBFan.h">
      <Filter>Header Files\ORE\EnclaveBlock</Filter>
    </ClInclude>
    <ClInclude Include="PolyRunDirection.h">
      <Filter>Header Files\ORE\EnclaveBlock</Filter>
    </ClInclude>
    <ClInclude Include="PointSearchData.h">
      <Filter>Header Files\ORE\EnclaveBlock</Filter>
    </ClInclude>
    <ClInclude Include="BlockSearchMeta.h">
      <Filter>Header Files\ORE\EnclaveBlock</Filter>
    </ClInclude>
    <ClInclude Include="FanManager.h">
      <Filter>Header Files\ORE\EnclaveBlock</Filter>
    </ClInclude>
    <ClInclude Include="BlockFlagStates.h">
      <Filter>Header Files\ORE\EnclaveBlock</Filter>
    </ClInclude>
    <ClInclude Include="BlockFlags.h">
      <Filter>Header Files\ORE\EnclaveBlock</Filter>
    </ClInclude>
    <ClInclude Include="PolyGroupTickerState.h">
      <Filter>Header Files\ORE\EnclaveBlock</Filter>
    </ClInclude>
    <ClInclude Include="PolyGroupTicker.h">
      <Filter>Header Files\ORE</Filter>
    </ClInclude>
    <ClInclude Include="EnclaveBlock.h">
      <Filter>Header Files\ORE\EnclaveBlock</Filter>
    </ClInclude>
    <ClInclude Include="SecondaryLineType.h">
      <Filter>Header Files\ORE\EnclaveTriangle</Filter>
    </ClInclude>
    <ClInclude Include="CursorPathTraceContainer.h">
      <Filter>Header Files\ORE\EnclaveTriangle</Filter>
    </ClInclude>
    <ClInclude Include="ECBPolyPointLocation.h">
      <Filter>Header Files\ORE\EnclaveTriangle</Filter>
    </ClInclude>
    <ClInclude Include="PrimaryLineT1.h">
      <Filter>Header Files\ORE\EnclaveTriangle</Filter>
    </ClInclude>
    <ClInclude Include="ECBTrianglePoint.h">
      <Filter>Header Files\ORE\EnclaveTriangle</Filter>
    </ClInclude>
    <ClInclude Include="ECBTrianglePointArray.h">
      <Filter>Header Files\ORE\EnclaveTriangle</Filter>
    </ClInclude>
    <ClInclude Include="ECBPolyLine.h">
      <Filter>Header Files\ORE\EnclaveTriangle</Filter>
    </ClInclude>
    <ClInclude Include="ECBPolyLineSlopes.h">
      <Filter>Header Files\ORE\EnclaveTriangle</Filter>
    </ClInclude>
    <ClInclude Include="ECBPolyLineSlopesArray.h">
      <Filter>Header Files\ORE\EnclaveTriangle</Filter>
    </ClInclude>
    <ClInclude Include="PrimaryLineT2.h">
      <Filter>Header Files\ORE\EnclaveTriangle</Filter>
    </ClInclude>
    <ClInclude Include="PrimaryLineT2Array.h">
      <Filter>Header Files\ORE\EnclaveTriangle</Filter>
    </ClInclude>
    <ClInclude Include="ECBBorderValues.h">
      <Filter>Header Files</Filter>
    </ClInclude>
    <ClInclude Include="ECBCalibratedPointPair.h">
      <Filter>Header Files</Filter>
    </ClInclude>
    <ClInclude Include="ECBIntersectMeta.h">
      <Filter>Header Files</Filter>
    </ClInclude>
    <ClInclude Include="PrimaryLineT2IsolatedTracer.h">
      <Filter>Header Files</Filter>
    </ClInclude>
    <ClInclude Include="ECBPolyPointPair.h">
      <Filter>Header Files</Filter>
    </ClInclude>
    <ClInclude Include="PrimaryLineT1Link.h">
      <Filter>Header Files</Filter>
    </ClInclude>
    <ClInclude Include="PrimaryLineT1LinkArray.h">
      <Filter>Header Files</Filter>
    </ClInclude>
    <ClInclude Include="PrimaryLineT2MultiTracer.h">
      <Filter>Header Files</Filter>
    </ClInclude>
    <ClInclude Include="PrimaryLineT1Array.h">
      <Filter>Header Files</Filter>
    </ClInclude>
    <ClInclude Include="SecondarySearchResult.h">
      <Filter>Header Files</Filter>
    </ClInclude>
    <ClInclude Include="TerminatingSet.h">
      <Filter>Header Files</Filter>
    </ClInclude>
    <ClInclude Include="TerminatingSetContainer.h">
      <Filter>Header Files</Filter>
    </ClInclude>
    <ClInclude Include="OrganicTriangleTertiary.h">
      <Filter>Header Files</Filter>
    </ClInclude>
    <ClInclude Include="LineRunnerState.h">
      <Filter>Header Files</Filter>
    </ClInclude>
    <ClInclude Include="EnclaveLineRunner.h">
      <Filter>Header Files</Filter>
    </ClInclude>
    <ClInclude Include="ECBPolyType.h">
      <Filter>Header Files</Filter>
    </ClInclude>
    <ClInclude Include="PolyUtils.h">
      <Filter>Header Files</Filter>
    </ClInclude>
    <ClInclude Include="TriangleLine.h">
      <Filter>Header Files</Filter>
    </ClInclude>
    <ClInclude Include="ECBPoly.h">
      <Filter>Header Files</Filter>
    </ClInclude>
    <ClInclude Include="ECBPolySkeleton.h">
      <Filter>Header Files</Filter>
    </ClInclude>
    <ClInclude Include="EnclaveTriangleInteriorRunner.h">
      <Filter>Header Files\ORE\EnclaveTriangle</Filter>
    </ClInclude>
    <ClInclude Include="EnclaveTriangle.h">
      <Filter>Header Files\ORE\EnclaveTriangle</Filter>
    </ClInclude>
    <ClInclude Include="EnclaveTriangleSkeletonSupergroupManager.h">
      <Filter>Header Files\ORE\EnclaveTriangle</Filter>
    </ClInclude>
    <ClInclude Include="EnclaveTriangleSkeleton.h">
      <Filter>Header Files\ORE\EnclaveTriangle</Filter>
    </ClInclude>
    <ClInclude Include="EnclaveTriangleSkeletonContainer.h">
      <Filter>Header Files\ORE\EnclaveTriangle</Filter>
    </ClInclude>
    <ClInclude Include="EnclaveTriangleSkeletonSupergroup.h">
      <Filter>Header Files\ORE\EnclaveTriangle</Filter>
    </ClInclude>
    <ClInclude Include="EnclaveTriangleContainer.h">
      <Filter>Header Files\ORE\EnclaveTriangle</Filter>
    </ClInclude>
    <ClInclude Include="EnclaveTriangleContainerSupergroup.h">
      <Filter>Header Files\ORE\EnclaveTriangle</Filter>
    </ClInclude>
    <ClInclude Include="EnclaveTriangleContainerSupergroupManager.h">
      <Filter>Header Files\ORE\EnclaveTriangle</Filter>
    </ClInclude>
    <ClInclude Include="OrganicTriangleSecondary.h">
      <Filter>Header Files\ORE</Filter>
    </ClInclude>
    <ClInclude Include="OrganicTriangleSecondarySupergroup.h">
      <Filter>Header Files\ORE\EnclaveTriangle</Filter>
    </ClInclude>
    <ClInclude Include="OrganicTriangleSecondarySupergroupManager.h">
      <Filter>Header Files\ORE\EnclaveTriangle</Filter>
    </ClInclude>
    <ClInclude Include="EnclaveBlockSkeleton.h">
      <Filter>Header Files\ORE\EnclaveTriangle</Filter>
    </ClInclude>
    <ClInclude Include="OrganicTransformUtils.h">
      <Filter>Header Files</Filter>
    </ClInclude>
    <ClInclude Include="OrganicRawEnclave.h">
      <Filter>Header Files\ORE</Filter>
    </ClInclude>
    <ClInclude Include="EnclavePolyFractureResults.h">
      <Filter>Header Files\ORE\EnclaveTriangle</Filter>
    </ClInclude>
    <ClInclude Include="GroupSetPair.h">
      <Filter>Header Files</Filter>
    </ClInclude>
    <ClInclude Include="ORELodState.h">
      <Filter>Header Files\ORE</Filter>
    </ClInclude>
    <ClInclude Include="OREAppendedState.h">
      <Filter>Header Files\ORE</Filter>
    </ClInclude>
    <ClInclude Include="OrganicLineBase.h">
      <Filter>Header Files</Filter>
    </ClInclude>
    <ClInclude Include="EnclaveBlockVertexTri.h">
      <Filter>Header Files</Filter>
    </ClInclude>
    <ClInclude Include="TertiaryTriangleProducer.h">
      <Filter>Header Files</Filter>
    </ClInclude>
    <ClInclude Include="StringTracer.h">
      <Filter>Header Files</Filter>
    </ClInclude>
    <ClInclude Include="DynamicLinePointSyncExclusionFlags.h">
      <Filter>Header Files</Filter>
    </ClInclude>
    <ClInclude Include="BlueprintTransformRefs.h">
      <Filter>Header Files</Filter>
    </ClInclude>
    <ClInclude Include="PolyGroupRange.h">
      <Filter>Header Files</Filter>
    </ClInclude>
    <ClInclude Include="OREDependencyState.h">
      <Filter>Header Files\ORE</Filter>
    </ClInclude>
    <ClInclude Include="MessageContainer.h">
      <Filter>Header Files\Messages</Filter>
    </ClInclude>
    <ClInclude Include="FusableArea.h">
      <Filter>Header Files\Fusion</Filter>
    </ClInclude>
    <ClInclude Include="FusableAreaState.h">
      <Filter>Header Files\Fusion</Filter>
    </ClInclude>
    <ClInclude Include="PAtomBase.h">
      <Filter>Header Files\Fusion</Filter>
    </ClInclude>
    <ClInclude Include="PAtomState.h">
      <Filter>Header Files\Fusion</Filter>
    </ClInclude>
    <ClInclude Include="PMass.h">
      <Filter>Header Files\Fusion</Filter>
    </ClInclude>
    <ClInclude Include="PRMAtomic2D.h">
      <Filter>Header Files\Fusion\PointResolution\Methods</Filter>
    </ClInclude>
    <ClInclude Include="PRMA2DResolverBase.h">
      <Filter>Header Files\Fusion\PointResolution\Methods\Resolvers</Filter>
    </ClInclude>
    <ClInclude Include="PointResolutionMethod.h">
      <Filter>Header Files\Fusion\PointResolution\Methods</Filter>
    </ClInclude>
    <ClInclude Include="PRResult.h">
      <Filter>Header Files\Fusion\PointResolution</Filter>
    </ClInclude>
    <ClInclude Include="OrganicSystemRunMode.h">
      <Filter>Header Files</Filter>
    </ClInclude>
    <ClInclude Include="PRMA2DResolverXY.h">
      <Filter>Header Files\Fusion\PointResolution\Methods\Resolvers</Filter>
    </ClInclude>
    <ClInclude Include="ResolverLink.h">
      <Filter>Header Files\Fusion\PointResolution\Methods\Resolvers</Filter>
    </ClInclude>
    <ClInclude Include="ResolverLinkMap.h">
      <Filter>Header Files\Fusion\PointResolution\Methods\Resolvers</Filter>
    </ClInclude>
    <ClInclude Include="PRMTypeEnum.h">
      <Filter>Header Files\Fusion\PointResolution\Methods</Filter>
    </ClInclude>
    <ClInclude Include="PAtomDimType.h">
      <Filter>Header Files\Fusion</Filter>
    </ClInclude>
    <ClInclude Include="AtomicBondingResult.h">
      <Filter>Header Files\Fusion</Filter>
    </ClInclude>
    <ClInclude Include="PAtom2DXY.h">
      <Filter>Header Files\Fusion</Filter>
    </ClInclude>
    <ClInclude Include="NeighboringBlockLocation.h">
      <Filter>Header Files\Neighbors</Filter>
    </ClInclude>
    <ClInclude Include="NeighboringORELocation.h">
      <Filter>Header Files\Neighbors</Filter>
    </ClInclude>
    <ClInclude Include="NeighboringBlueprintLocation.h">
      <Filter>Header Files\Neighbors</Filter>
    </ClInclude>
    <ClInclude Include="NeighboringBlockLocationSet.h">
      <Filter>Header Files\Neighbors</Filter>
    </ClInclude>
    <ClInclude Include="NeighboringORELocationSet.h">
      <Filter>Header Files\Neighbors</Filter>
    </ClInclude>
    <ClInclude Include="NeighboringBlueprintLocationSet.h">
      <Filter>Header Files\Neighbors</Filter>
    </ClInclude>
    <ClInclude Include="OSTerrainFormation.h">
      <Filter>Header Files\TerrainFormations</Filter>
    </ClInclude>
    <ClInclude Include="PMassState.h">
      <Filter>Header Files\Fusion\PointResolution</Filter>
    </ClInclude>
    <ClInclude Include="PMassResult.h">
      <Filter>Header Files\Fusion\PointResolution</Filter>
    </ClInclude>
    <ClInclude Include="OperableIntSet.h">
      <Filter>Header Files\Operable</Filter>
    </ClInclude>
    <ClInclude Include="Operable3DEnclaveKeySet.h">
      <Filter>Header Files\Operable</Filter>
    </ClInclude>
    <ClInclude Include="EnclaveBlockState.h">
      <Filter>Header Files\ORE\EnclaveBlock</Filter>
    </ClInclude>
    <ClInclude Include="EnclaveKeyPair.h">
      <Filter>Header Files</Filter>
    </ClInclude>
    <ClInclude Include="RippleImpactRegister.h">
      <Filter>Header Files\RippleImpact</Filter>
    </ClInclude>
    <ClInclude Include="BoundaryPolyIndicator.h">
      <Filter>Header Files\BoundaryPolyIndicator</Filter>
    </ClInclude>
    <ClInclude Include="BoundaryOrientation.h">
      <Filter>Header Files\BoundaryPolyIndicator</Filter>
    </ClInclude>
    <ClInclude Include="NeighboringBlockRelativeOrientation.h">
      <Filter>Header Files\Neighbors</Filter>
    </ClInclude>
    <ClInclude Include="BlockCopyQuery.h">
      <Filter>Header Files\ORE\EnclaveBlock</Filter>
    </ClInclude>
    <ClInclude Include="Cycle.h">
      <Filter>Header Files\Custom_Containers</Filter>
    </ClInclude>
    <ClInclude Include="TrackedMap.h">
      <Filter>Header Files\Custom_Containers</Filter>
    </ClInclude>
    <ClInclude Include="ExceptionRecorder.h">
      <Filter>Header Files\ExceptionRecorder</Filter>
    </ClInclude>
    <ClInclude Include="ExceptionRecord.h">
      <Filter>Header Files\ExceptionRecorder</Filter>
    </ClInclude>
    <ClInclude Include="ExceptionRecordType.h">
      <Filter>Header Files\ExceptionRecorder</Filter>
    </ClInclude>
    <ClInclude Include="FTriangle.h">
      <Filter>Header Files\FracturableTriangle</Filter>
    </ClInclude>
    <ClInclude Include="FTriangleType.h">
      <Filter>Header Files\FracturableTriangle</Filter>
    </ClInclude>
    <ClInclude Include="FTriangleContainer.h">
      <Filter>Header Files\FracturableTriangle</Filter>
    </ClInclude>
    <ClInclude Include="WorldFracturingMachine.h">
      <Filter>Header Files\FracturableTriangle\FracturingMachines</Filter>
    </ClInclude>
    <ClInclude Include="CalibratableBlueprintKeyPair.h">
      <Filter>Header Files</Filter>
    </ClInclude>
    <ClInclude Include="UniquePointContainer.h">
      <Filter>Header Files\Custom_Containers</Filter>
    </ClInclude>
    <ClInclude Include="FTriangleProductionStager.h">
      <Filter>Header Files\FracturableTriangle</Filter>
    </ClInclude>
    <ClInclude Include="FTriangleFracturerBase.h">
      <Filter>Header Files\FracturableTriangle\FracturingMachines</Filter>
    </ClInclude>
    <ClInclude Include="FTriangleTracerBase.h">
      <Filter>Header Files\FracturableTriangle\FTriangleTracer</Filter>
    </ClInclude>
    <ClInclude Include="FTriangleWorldTracer.h">
      <Filter>Header Files\FracturableTriangle\FTriangleTracer</Filter>
    </ClInclude>
  </ItemGroup>
  <ItemGroup>
    <ClCompile Include="stdafx.cpp">
      <Filter>Source Files</Filter>
    </ClCompile>
    <ClCompile Include="BlueprintScanningCuboid.cpp">
      <Filter>Resource Files</Filter>
    </ClCompile>
    <ClCompile Include="PolyLogger.cpp">
      <Filter>Resource Files</Filter>
    </ClCompile>
    <ClCompile Include="StringToMessageBuilder.cpp">
      <Filter>Resource Files</Filter>
    </ClCompile>
    <ClCompile Include="BlockBorderLineList.cpp">
      <Filter>Resource Files</Filter>
    </ClCompile>
    <ClCompile Include="IndependentUtils.cpp">
      <Filter>Resource Files</Filter>
    </ClCompile>
    <ClCompile Include="EnclaveBorderLineList.cpp">
      <Filter>Resource Files</Filter>
    </ClCompile>
    <ClCompile Include="ECBBorder.cpp">
      <Filter>Resource Files</Filter>
    </ClCompile>
    <ClCompile Include="BlockBorderMDCorner.cpp">
      <Filter>Resource Files</Filter>
    </ClCompile>
    <ClCompile Include="BlockBorderMDLine.cpp">
      <Filter>Resource Files</Filter>
    </ClCompile>
    <ClCompile Include="BorderDataMap.cpp">
      <Filter>Resource Files</Filter>
    </ClCompile>
    <ClCompile Include="BorderMDFaceList.cpp">
      <Filter>Resource Files</Filter>
    </ClCompile>
    <ClCompile Include="DynamicBorderLineList.cpp">
      <Filter>Source Files</Filter>
    </ClCompile>
    <ClCompile Include="LinePointSynchronizer.cpp">
      <Filter>Source Files</Filter>
    </ClCompile>
    <ClCompile Include="DynamicLinePointSynchronizer.cpp">
      <Filter>Source Files</Filter>
    </ClCompile>
    <ClCompile Include="MessageInterpreter.cpp">
      <Filter>Source Files\Messages</Filter>
    </ClCompile>
    <ClCompile Include="TertiaryTriangleContainer.cpp">
      <Filter>Source Files\ORE\EnclaveBlock</Filter>
    </ClCompile>
    <ClCompile Include="PrimarySegmentTracker.cpp">
      <Filter>Source Files\ORE\EnclaveBlock</Filter>
    </ClCompile>
    <ClCompile Include="PolyLineEndpointMeta.cpp">
      <Filter>Source Files\ORE\EnclaveBlock</Filter>
    </ClCompile>
    <ClCompile Include="PLTracingResult.cpp">
      <Filter>Source Files\ORE\EnclaveBlock</Filter>
    </ClCompile>
    <ClCompile Include="MicroPolyPointContainer.cpp">
      <Filter>Source Files\ORE\EnclaveBlock</Filter>
    </ClCompile>
    <ClCompile Include="SCircuitSegment.cpp">
      <Filter>Source Files\ORE\EnclaveBlock</Filter>
    </ClCompile>
    <ClCompile Include="BlockCircuit.cpp">
      <Filter>Source Files\ORE\EnclaveBlock</Filter>
    </ClCompile>
    <ClCompile Include="OrganicWrappedBBFan.cpp">
      <Filter>Source Files\ORE\EnclaveBlock</Filter>
    </ClCompile>
    <ClCompile Include="FanManager.cpp">
      <Filter>Source Files\ORE\EnclaveBlock</Filter>
    </ClCompile>
    <ClCompile Include="BlockFlags.cpp">
      <Filter>Source Files\ORE\EnclaveBlock</Filter>
    </ClCompile>
    <ClCompile Include="PolyGroupTicker.cpp">
      <Filter>Source Files\ORE\EnclaveBlock</Filter>
    </ClCompile>
    <ClCompile Include="EnclaveBlock.cpp">
      <Filter>Source Files\ORE\EnclaveBlock</Filter>
    </ClCompile>
    <ClCompile Include="PrimaryLineT1.cpp">
      <Filter>Source Files\ORE\EnclaveTriangle</Filter>
    </ClCompile>
    <ClCompile Include="PrimaryLineT2.cpp">
      <Filter>Source Files\ORE\EnclaveTriangle</Filter>
    </ClCompile>
    <ClCompile Include="PrimaryLineT2Array.cpp">
      <Filter>Source Files\ORE\EnclaveTriangle</Filter>
    </ClCompile>
    <ClCompile Include="PrimaryLineT2IsolatedTracer.cpp">
      <Filter>Source Files</Filter>
    </ClCompile>
    <ClCompile Include="PrimaryLineT1LinkArray.cpp">
      <Filter>Source Files</Filter>
    </ClCompile>
    <ClCompile Include="PrimaryLineT2MultiTracer.cpp">
      <Filter>Source Files</Filter>
    </ClCompile>
    <ClCompile Include="PrimaryLineT1Array.cpp">
      <Filter>Source Files</Filter>
    </ClCompile>
    <ClCompile Include="TerminatingSetContainer.cpp">
      <Filter>Source Files</Filter>
    </ClCompile>
    <ClCompile Include="EnclaveLineRunner.cpp">
      <Filter>Source Files</Filter>
    </ClCompile>
    <ClCompile Include="PolyUtils.cpp">
      <Filter>Source Files</Filter>
    </ClCompile>
    <ClCompile Include="EnclaveTriangleInteriorRunner.cpp">
      <Filter>Source Files\ORE\EnclaveTriangle</Filter>
    </ClCompile>
    <ClCompile Include="EnclaveTriangle.cpp">
      <Filter>Source Files\ORE\EnclaveTriangle</Filter>
    </ClCompile>
    <ClCompile Include="EnclaveTriangleContainer.cpp">
      <Filter>Source Files\ORE\EnclaveTriangle</Filter>
    </ClCompile>
    <ClCompile Include="OrganicTriangleSecondary.cpp">
      <Filter>Source Files\ORE</Filter>
    </ClCompile>
    <ClCompile Include="OrganicTransformUtils.cpp">
      <Filter>Source Files</Filter>
    </ClCompile>
    <ClCompile Include="EnclavePolyFractureResults.cpp">
      <Filter>Source Files\ORE\EnclaveTriangle</Filter>
    </ClCompile>
    <ClCompile Include="OrganicRawEnclave.cpp">
      <Filter>Source Files\ORE</Filter>
    </ClCompile>
    <ClCompile Include="TertiaryTriangleProducer.cpp">
      <Filter>Source Files</Filter>
    </ClCompile>
    <ClCompile Include="PMass.cpp">
      <Filter>Source Files\Fusion</Filter>
    </ClCompile>
    <ClCompile Include="PAtomBase.cpp">
      <Filter>Source Files\Fusion</Filter>
    </ClCompile>
    <ClCompile Include="PRMAtomic2D.cpp">
      <Filter>Source Files\Fusion\PointResolution\Methods</Filter>
    </ClCompile>
    <ClCompile Include="PRMA2DResolverXY.cpp">
      <Filter>Source Files\Fusion\PointResolution\Methods\Resolvers</Filter>
    </ClCompile>
    <ClCompile Include="PRMA2DResolverBase.cpp">
      <Filter>Source Files\Fusion\PointResolution\Methods\Resolvers</Filter>
    </ClCompile>
    <ClCompile Include="PAtom2DXY.cpp">
      <Filter>Source Files\Fusion</Filter>
    </ClCompile>
    <ClCompile Include="NeighboringBlockLocationSet.cpp">
      <Filter>Source Files\Neighbors</Filter>
    </ClCompile>
    <ClCompile Include="NeighboringORELocationSet.cpp">
      <Filter>Source Files\Neighbors</Filter>
    </ClCompile>
    <ClCompile Include="NeighboringBlueprintLocationSet.cpp">
      <Filter>Source Files\Neighbors</Filter>
    </ClCompile>
    <ClCompile Include="ExceptionRecorder.cpp">
      <Filter>Source Files\ExceptionRecorder</Filter>
    </ClCompile>
    <ClCompile Include="ExceptionRecord.cpp">
      <Filter>Source Files\ExceptionRecorder</Filter>
    </ClCompile>
    <ClCompile Include="FTriangle.cpp">
      <Filter>Source Files\FracturableTriangle</Filter>
    </ClCompile>
    <ClCompile Include="WorldFracturingMachine.cpp">
      <Filter>Source Files\FracturableTriangle\FracturingMachines</Filter>
    </ClCompile>
    <ClCompile Include="CalibratableBlueprintKeyPair.cpp">
      <Filter>Source Files</Filter>
    </ClCompile>
    <ClCompile Include="FTriangleFracturerBase.cpp">
      <Filter>Source Files\FracturableTriangle\FracturingMachines</Filter>
    </ClCompile>
    <ClCompile Include="FTriangleWorldTracer.cpp">
      <Filter>Source Files\FracturableTriangle\FTriangleTracer</Filter>
    </ClCompile>
  </ItemGroup>
</Project>