<?xml version="1.0" encoding="utf-8"?>
<Project ToolsVersion="4.0" xmlns="http://schemas.microsoft.com/developer/msbuild/2003">
  <ItemGroup>
    <Filter Include="Source Files">
      <UniqueIdentifier>{4FC737F1-C7A5-4376-A066-2A32D752A2FF}</UniqueIdentifier>
      <Extensions>cpp;c;cc;cxx;def;odl;idl;hpj;bat;asm;asmx</Extensions>
    </Filter>
    <Filter Include="Header Files">
      <UniqueIdentifier>{93995380-89BD-4b04-88EB-625FBE52EBFB}</UniqueIdentifier>
      <Extensions>h;hh;hpp;hxx;hm;inl;inc;ipp;xsd</Extensions>
    </Filter>
    <Filter Include="Resource Files">
      <UniqueIdentifier>{67DA6AB6-F800-4c08-8B7A-83BB121AAD01}</UniqueIdentifier>
      <Extensions>rc;ico;cur;bmp;dlg;rc2;rct;bin;rgs;gif;jpg;jpeg;jpe;resx;tiff;tif;png;wav;mfcribbon-ms</Extensions>
    </Filter>
    <Filter Include="Source Files\Messages">
      <UniqueIdentifier>{f37c9a85-18b5-47dc-89be-bad64796766f}</UniqueIdentifier>
    </Filter>
    <Filter Include="Header Files\Fusion">
      <UniqueIdentifier>{08745979-707c-4600-ae46-ea5508ce1f62}</UniqueIdentifier>
    </Filter>
    <Filter Include="Source Files\Fusion">
      <UniqueIdentifier>{9b0d0786-6073-469d-b34d-326aede8f891}</UniqueIdentifier>
    </Filter>
    <Filter Include="Header Files\Fusion\PointResolution">
      <UniqueIdentifier>{0d7ff70c-759f-428b-bae6-197d4f015cd3}</UniqueIdentifier>
    </Filter>
    <Filter Include="Header Files\Fusion\PointResolution\Methods">
      <UniqueIdentifier>{74b4de5a-1fbb-44ef-91c6-b1f7e89016cd}</UniqueIdentifier>
    </Filter>
    <Filter Include="Source Files\Fusion\PointResolution">
      <UniqueIdentifier>{7adf53b5-4886-4176-ad0e-fb5822251781}</UniqueIdentifier>
    </Filter>
    <Filter Include="Source Files\Fusion\PointResolution\Methods">
      <UniqueIdentifier>{abfd4db6-6873-4c71-8bb5-a3b1e2c932c5}</UniqueIdentifier>
    </Filter>
    <Filter Include="Header Files\Fusion\PointResolution\Methods\Resolvers">
      <UniqueIdentifier>{64ad570c-df56-45eb-bb18-c83615f61d75}</UniqueIdentifier>
    </Filter>
    <Filter Include="Source Files\Fusion\PointResolution\Methods\Resolvers">
      <UniqueIdentifier>{e91dffa5-2f69-494e-b2cc-c93f1018e434}</UniqueIdentifier>
    </Filter>
    <Filter Include="Header Files\Neighbors">
      <UniqueIdentifier>{6dc7a6db-2699-437e-963d-b6c8cd27dae7}</UniqueIdentifier>
    </Filter>
    <Filter Include="Source Files\Neighbors">
      <UniqueIdentifier>{f1e21349-75af-4478-aba7-4ffedefb98aa}</UniqueIdentifier>
    </Filter>
    <Filter Include="Header Files\TerrainFormations">
      <UniqueIdentifier>{1c8e5073-f50e-4e33-a3f7-dde3dc828951}</UniqueIdentifier>
    </Filter>
    <Filter Include="Header Files\Operable">
      <UniqueIdentifier>{26a40a78-8dc8-42cb-a29a-11ea9c3de734}</UniqueIdentifier>
    </Filter>
    <Filter Include="Header Files\RippleImpact">
      <UniqueIdentifier>{3209fc69-e149-49d1-9e39-766815825896}</UniqueIdentifier>
    </Filter>
    <Filter Include="Header Files\BoundaryPolyIndicator">
      <UniqueIdentifier>{ca046ded-99f4-47c5-b48c-a4d8155581c2}</UniqueIdentifier>
    </Filter>
    <Filter Include="Header Files\Custom_Containers">
      <UniqueIdentifier>{b4f30adf-47bf-470d-b6eb-821e312ad23c}</UniqueIdentifier>
    </Filter>
    <Filter Include="Header Files\ExceptionRecorder">
      <UniqueIdentifier>{c351417d-910d-41e5-bd6e-8734f05cc826}</UniqueIdentifier>
    </Filter>
    <Filter Include="Source Files\ExceptionRecorder">
      <UniqueIdentifier>{9d10be80-701a-4cb8-b80e-ec49df36c9b9}</UniqueIdentifier>
    </Filter>
    <Filter Include="Header Files\FracturableTriangle">
      <UniqueIdentifier>{383906ba-f6fd-40cf-8daf-40e1788391eb}</UniqueIdentifier>
    </Filter>
    <Filter Include="Source Files\FracturableTriangle">
      <UniqueIdentifier>{dedddf21-6adc-4fbb-81e0-93ce6b3e965c}</UniqueIdentifier>
    </Filter>
    <Filter Include="Header Files\FracturableTriangle\FracturingMachines">
      <UniqueIdentifier>{f9f59192-9e99-49c4-b23f-6d0dcdaad393}</UniqueIdentifier>
    </Filter>
    <Filter Include="Header Files\FracturableTriangle\FTriangleTracer">
      <UniqueIdentifier>{0670afa0-a0d9-4058-95cf-ac5fd1f4cbc9}</UniqueIdentifier>
    </Filter>
    <Filter Include="Source Files\FracturableTriangle\FTriangleTracer">
      <UniqueIdentifier>{85c4ed54-2fd3-4fd6-9f5e-4bf88681fbe0}</UniqueIdentifier>
    </Filter>
    <Filter Include="Header Files\FracturableTriangle\FTriangleLine">
      <UniqueIdentifier>{388dd4dc-5c93-4d0a-9b02-60fa30138f64}</UniqueIdentifier>
    </Filter>
    <Filter Include="Header Files\FracturableTriangle\FRayCasters">
      <UniqueIdentifier>{d21e85c8-122a-468a-9612-c443d8bd962e}</UniqueIdentifier>
    </Filter>
    <Filter Include="Source Files\FracturableTriangle\FRayCasters">
      <UniqueIdentifier>{96850d37-e3d6-4949-9544-b8f8e14ac7e6}</UniqueIdentifier>
    </Filter>
    <Filter Include="Header Files\FracturableTriangle\FTrianglePoint">
      <UniqueIdentifier>{f3a96a60-3ce8-49b7-a2a7-a311fe0817ca}</UniqueIdentifier>
    </Filter>
    <Filter Include="Header Files\FracturableTriangle\FTriangleLineScanner">
      <UniqueIdentifier>{5bbd0fb6-f38d-49cf-8d14-aadc87269509}</UniqueIdentifier>
    </Filter>
    <Filter Include="Source Files\FracturableTriangle\DimensionalLineScanners">
      <UniqueIdentifier>{11e5d318-f116-4324-9e54-efea97078c30}</UniqueIdentifier>
    </Filter>
    <Filter Include="Header Files\FracturableTriangle\DimensionalLineScanners">
      <UniqueIdentifier>{01dc3c3f-2713-4286-be39-1c1d5ce528bc}</UniqueIdentifier>
    </Filter>
    <Filter Include="Header Files\FracturableTriangle\DimensionalLineScanners\XDimLineScanner">
      <UniqueIdentifier>{05db7d89-599e-4a55-9c15-fc9c161feb7c}</UniqueIdentifier>
    </Filter>
    <Filter Include="Header Files\FracturableTriangle\DimensionalLineScanners\YDimLineScanner">
      <UniqueIdentifier>{5071a937-50b3-4eba-bc00-b88d81a29bdf}</UniqueIdentifier>
    </Filter>
    <Filter Include="Header Files\FracturableTriangle\DimensionalLineScanners\ZDimLineScanner">
      <UniqueIdentifier>{1280059b-c424-45ab-8f81-a2c1cb3d08de}</UniqueIdentifier>
    </Filter>
    <Filter Include="Source Files\FracturableTriangle\DimensionalLineScanners\XDimLineScanner">
      <UniqueIdentifier>{fb6273cf-5dfe-447c-ab3d-a572d616f19e}</UniqueIdentifier>
    </Filter>
    <Filter Include="Source Files\FracturableTriangle\DimensionalLineScanners\YDimLineScanner">
      <UniqueIdentifier>{e9842468-3896-42e9-8e57-b3ce2d98bc52}</UniqueIdentifier>
    </Filter>
    <Filter Include="Source Files\FracturableTriangle\DimensionalLineScanners\ZDimLineScanner">
      <UniqueIdentifier>{c7671f8f-e053-4bc4-a41e-49f6822ea7cd}</UniqueIdentifier>
    </Filter>
    <Filter Include="Header Files\FracturableTriangle\FracturingMachines\World">
      <UniqueIdentifier>{60067bf7-3c47-4079-a6b5-f4cbe526feff}</UniqueIdentifier>
    </Filter>
    <Filter Include="Header Files\FracturableTriangle\FracturingMachines\Blueprint">
      <UniqueIdentifier>{e6afe290-2fc9-499d-9d57-d8d1efcbc6a3}</UniqueIdentifier>
    </Filter>
    <Filter Include="Header Files\FracturableTriangle\FTriangleLineResolutionMachine">
      <UniqueIdentifier>{4297ba9a-e72b-4c6f-8a6f-f1fc01e33f4c}</UniqueIdentifier>
    </Filter>
    <Filter Include="Source Files\FracturableTriangle\FTriangleLineResolutionMachine">
      <UniqueIdentifier>{3fe4e963-7264-40f2-9658-71e52780c8f2}</UniqueIdentifier>
    </Filter>
    <Filter Include="Source Files\FracturableTriangle\FTriangleLineResolutionMachine\FTriangleLineResolvers">
      <UniqueIdentifier>{99ab9fbb-211c-4877-bf33-8e8cdc5c93e7}</UniqueIdentifier>
    </Filter>
    <Filter Include="Header Files\FracturableTriangle\FTriangleLineResolutionMachine\FTriangleLineResolvers">
      <UniqueIdentifier>{5ee56f5a-2f64-48a5-87b7-1c0d74c11f51}</UniqueIdentifier>
    </Filter>
    <Filter Include="Header Files\FracturableTriangle\FracturingMachines\ORE">
      <UniqueIdentifier>{9d0bcc8d-8b2d-408e-a60f-d3f389784d70}</UniqueIdentifier>
    </Filter>
    <Filter Include="Header Files\Archived">
      <UniqueIdentifier>{52237e80-cea0-4b29-8d08-c354d885982d}</UniqueIdentifier>
    </Filter>
    <Filter Include="Source Files\Archived">
      <UniqueIdentifier>{63e61514-dc4e-4b23-a84b-1707d6f272a7}</UniqueIdentifier>
    </Filter>
    <Filter Include="Header Files\Logging">
      <UniqueIdentifier>{b248473b-6428-4d21-8897-ab367f40f93f}</UniqueIdentifier>
    </Filter>
    <Filter Include="Source Files\Logging">
      <UniqueIdentifier>{cc4f02b4-e346-4210-8dc8-fb4c3d577e78}</UniqueIdentifier>
    </Filter>
    <Filter Include="Source Files\FracturableTriangle\FTriangleLine">
      <UniqueIdentifier>{5156b8f4-6cd7-4f6a-8758-6498515f801e}</UniqueIdentifier>
    </Filter>
    <Filter Include="Header Files\Planar">
      <UniqueIdentifier>{9de702fb-a2a9-4f30-a090-706bd7ea3ecb}</UniqueIdentifier>
    </Filter>
    <Filter Include="Source Files\Planar">
      <UniqueIdentifier>{7c3f57cb-42fd-427f-ae40-613f0cd37713}</UniqueIdentifier>
    </Filter>
    <Filter Include="Header Files\OpenGLDataStructures">
      <UniqueIdentifier>{31fca2c1-62cc-4192-ba9a-42a4c9ad87d1}</UniqueIdentifier>
    </Filter>
    <Filter Include="Source Files\OpenGLDataStructures">
      <UniqueIdentifier>{b52bd63d-1e10-4d4f-8435-6c8a0b87f95b}</UniqueIdentifier>
    </Filter>
    <Filter Include="Source Files\OpenGLDataStructures\AtlasMap">
      <UniqueIdentifier>{217257ba-2655-4395-916c-1dd3b86071a3}</UniqueIdentifier>
    </Filter>
    <Filter Include="Header Files\OpenGLDataStructures\AtlasMap">
      <UniqueIdentifier>{e0aaed51-8047-4c04-8db6-78ea83927e08}</UniqueIdentifier>
    </Filter>
    <Filter Include="Header Files\OpenGLDataStructures\Quat">
      <UniqueIdentifier>{ed9e39c3-508f-4a6a-b30f-967e05e2fc4c}</UniqueIdentifier>
    </Filter>
    <Filter Include="Source Files\OpenGLDataStructures\Quat">
      <UniqueIdentifier>{1c128c90-e883-4e35-8671-8d15acf8c26a}</UniqueIdentifier>
    </Filter>
    <Filter Include="Header Files\OpenGLDataStructures\UV">
      <UniqueIdentifier>{902e7ea1-c12f-4fd7-982c-69787b6a3ff1}</UniqueIdentifier>
    </Filter>
    <Filter Include="Header Files\OpenGLDataStructures\Tile">
      <UniqueIdentifier>{bd6b9ecc-84f5-48d7-9751-dd53e012752e}</UniqueIdentifier>
    </Filter>
    <Filter Include="Source Files\OpenGLDataStructures\Tile">
      <UniqueIdentifier>{f1cd959d-268f-4f6e-985f-8e14db21e346}</UniqueIdentifier>
    </Filter>
    <Filter Include="Source Files\OpenGLDataStructures\UV">
      <UniqueIdentifier>{1691fd0f-3382-4978-9159-b639fcdd636a}</UniqueIdentifier>
    </Filter>
    <Filter Include="Header Files\Organic">
      <UniqueIdentifier>{614e049c-286b-4362-8414-5c8c5f4b60b9}</UniqueIdentifier>
    </Filter>
    <Filter Include="Source Files\Organic">
      <UniqueIdentifier>{c32e773d-1af9-4823-b2a8-832c49ca4844}</UniqueIdentifier>
    </Filter>
    <Filter Include="Source Files\Organic\MassDriving">
      <UniqueIdentifier>{12974742-3d86-470e-b945-01aac924f4b0}</UniqueIdentifier>
    </Filter>
    <Filter Include="Header Files\Organic\MassDriving">
      <UniqueIdentifier>{2547ad0f-3ec6-4a7f-89e4-da9418242672}</UniqueIdentifier>
    </Filter>
    <Filter Include="Header Files\OpenGLDataStructures\OrganicVtxColor">
      <UniqueIdentifier>{9adc7e00-4889-42aa-911b-45d4eea2bf03}</UniqueIdentifier>
    </Filter>
    <Filter Include="Source Files\OpenGLDataStructures\OrganicVtxColor">
      <UniqueIdentifier>{6a485af0-9530-4856-883d-c675331da56a}</UniqueIdentifier>
    </Filter>
    <Filter Include="Header Files\Blueprints">
      <UniqueIdentifier>{4a2699ac-34ef-4098-ae27-9be53fa4129b}</UniqueIdentifier>
    </Filter>
    <Filter Include="Source Files\Blueprints">
      <UniqueIdentifier>{2d698c50-1e43-4d2a-80e4-a20ccdcfd0d1}</UniqueIdentifier>
    </Filter>
    <Filter Include="Header Files\Blueprints\ORE">
      <UniqueIdentifier>{79fc3a03-8412-4b70-95ad-e33abe8fb730}</UniqueIdentifier>
    </Filter>
    <Filter Include="Header Files\Blueprints\ORE\EnclaveBlock">
      <UniqueIdentifier>{b7dd0cd5-81bc-46cf-8588-0402107d3a47}</UniqueIdentifier>
    </Filter>
    <Filter Include="Header Files\Blueprints\ORE\EnclaveTriangle">
      <UniqueIdentifier>{2c18ef40-f3e6-45b8-ad08-62dde6e8ec49}</UniqueIdentifier>
    </Filter>
    <Filter Include="Source Files\Blueprints\ORE">
      <UniqueIdentifier>{a1386985-0d03-4e80-a7cf-032816cd8523}</UniqueIdentifier>
    </Filter>
    <Filter Include="Source Files\Blueprints\ORE\EnclaveBlock">
      <UniqueIdentifier>{6f2c4bc6-1094-46be-b89a-bb2176ee665e}</UniqueIdentifier>
    </Filter>
    <Filter Include="Source Files\Blueprints\ORE\EnclaveTriangle">
      <UniqueIdentifier>{99efc4e2-5d76-42ce-b3c6-0838321c8ded}</UniqueIdentifier>
    </Filter>
    <Filter Include="Header Files\Messages">
      <UniqueIdentifier>{798ffa2f-1335-4be1-91d4-4fae94154323}</UniqueIdentifier>
    </Filter>
    <Filter Include="Header Files\Blueprints\ORE\EnclaveBlock\Fan">
      <UniqueIdentifier>{45e31a81-fa91-48d3-b9c4-3efae4da8c52}</UniqueIdentifier>
    </Filter>
    <Filter Include="Source Files\Blueprints\ORE\EnclaveBlock\Fan">
      <UniqueIdentifier>{a314b49b-9264-4ea9-a1b9-de830b4f5e3e}</UniqueIdentifier>
    </Filter>
    <Filter Include="Header Files\Blueprints\ReconstitutedBlueprint">
      <UniqueIdentifier>{daa7c03a-dce8-4e28-bd2e-c5aaaf330ad5}</UniqueIdentifier>
    </Filter>
    <Filter Include="Source Files\Blueprints\ReconstitutedBlueprint">
      <UniqueIdentifier>{9a4ca317-3cb2-4177-9713-421a7070dd7e}</UniqueIdentifier>
    </Filter>
    <Filter Include="Header Files\HashUtils">
      <UniqueIdentifier>{0e83b6dd-be9e-40e0-a52c-58e99196d766}</UniqueIdentifier>
    </Filter>
    <Filter Include="Source Files\HashUtils">
      <UniqueIdentifier>{a141d87b-3978-4823-8032-438936a5d39c}</UniqueIdentifier>
    </Filter>
    <Filter Include="Header Files\FracturableTriangle\FTrianglePointUVProducer">
      <UniqueIdentifier>{a9ca7d31-9e08-46e2-b83a-d4dd87677889}</UniqueIdentifier>
    </Filter>
    <Filter Include="Source Files\FracturableTriangle\FTrianglePointUVProducer">
      <UniqueIdentifier>{b9d7e448-5bfa-498e-b12c-0998c9222be3}</UniqueIdentifier>
    </Filter>
    <Filter Include="Header Files\RType">
      <UniqueIdentifier>{5fb1f965-6fa6-47f6-a8c9-7b04d20b18a1}</UniqueIdentifier>
    </Filter>
    <Filter Include="Source Files\RType">
      <UniqueIdentifier>{06e2bb00-d54b-4d9a-835e-83e45a379439}</UniqueIdentifier>
    </Filter>
    <Filter Include="Header Files\BlockLocation">
      <UniqueIdentifier>{5cd1b563-3a6b-4c76-b7dc-e081700bf43d}</UniqueIdentifier>
    </Filter>
    <Filter Include="Source Files\BlockLocation">
      <UniqueIdentifier>{5eab5cb0-4cdf-4864-843a-b97864645c65}</UniqueIdentifier>
    </Filter>
    <Filter Include="Header Files\GPUCoordinateMode">
      <UniqueIdentifier>{1a1a88e9-8ebd-4564-84ab-6c436117e23e}</UniqueIdentifier>
    </Filter>
    <Filter Include="Header Files\Highlighting">
      <UniqueIdentifier>{994f6a28-0378-489b-bab9-3cdd6ea09122}</UniqueIdentifier>
    </Filter>
    <Filter Include="Header Files\MShaderHintEnum">
      <UniqueIdentifier>{5cd6fa29-95d5-4913-b3db-297b1bdb46a5}</UniqueIdentifier>
    </Filter>
    <Filter Include="Source Files\FracturableTriangle\DimensionalLineScanners\FracturingMachines">
      <UniqueIdentifier>{bf565c0b-4d83-41f6-8a7c-a0e2cee328b5}</UniqueIdentifier>
    </Filter>
    <Filter Include="Source Files\FracturableTriangle\DimensionalLineScanners\FracturingMachines\World">
      <UniqueIdentifier>{08f08cad-c1c3-4297-b68f-49b07d69c89a}</UniqueIdentifier>
    </Filter>
    <Filter Include="Source Files\FracturableTriangle\DimensionalLineScanners\FracturingMachines\Blueprint">
      <UniqueIdentifier>{47be6e4f-cfe9-4005-9375-3f934dadcef6}</UniqueIdentifier>
    </Filter>
    <Filter Include="Source Files\FracturableTriangle\DimensionalLineScanners\FracturingMachines\ORE">
      <UniqueIdentifier>{a637ba17-b49b-4e54-9e34-830b014d59e7}</UniqueIdentifier>
    </Filter>
  </ItemGroup>
  <ItemGroup>
    <ClInclude Include="stdafx.h">
      <Filter>Header Files</Filter>
    </ClInclude>
    <ClInclude Include="targetver.h">
      <Filter>Header Files</Filter>
    </ClInclude>
    <ClInclude Include="EnclaveKeyDef.h">
      <Filter>Header Files</Filter>
    </ClInclude>
    <ClInclude Include="EuclideanDirection3D.h">
      <Filter>Header Files</Filter>
    </ClInclude>
    <ClInclude Include="BlueprintScanningCuboid.h">
      <Filter>Header Files</Filter>
    </ClInclude>
    <ClInclude Include="ECBPolyPoint.h">
      <Filter>Header Files</Filter>
    </ClInclude>
    <ClInclude Include="DebugOption.h">
      <Filter>Header Files</Filter>
    </ClInclude>
    <ClInclude Include="PolyDebugLevel.h">
      <Filter>Header Files</Filter>
    </ClInclude>
    <ClInclude Include="DebugOptionSet.h">
      <Filter>Header Files</Filter>
    </ClInclude>
    <ClInclude Include="ErrorEnum.h">
      <Filter>Header Files</Filter>
    </ClInclude>
    <ClInclude Include="PrintableError.h">
      <Filter>Header Files</Filter>
    </ClInclude>
    <ClInclude Include="PrintableErrorStack.h">
      <Filter>Header Files</Filter>
    </ClInclude>
    <ClInclude Include="ErrorUtils.h">
      <Filter>Header Files</Filter>
    </ClInclude>
    <ClInclude Include="ErrorSensor.h">
      <Filter>Header Files</Filter>
    </ClInclude>
    <ClInclude Include="SmartIntMap.h">
      <Filter>Header Files</Filter>
    </ClInclude>
    <ClInclude Include="StringToMessageBuilder.h">
      <Filter>Header Files</Filter>
    </ClInclude>
    <ClInclude Include="BlockPolyPoint.h">
      <Filter>Header Files</Filter>
    </ClInclude>
    <ClInclude Include="BlockBorder.h">
      <Filter>Header Files</Filter>
    </ClInclude>
    <ClInclude Include="BlockBorderCornerPoint.h">
      <Filter>Header Files</Filter>
    </ClInclude>
    <ClInclude Include="BlockBorderLineList.h">
      <Filter>Header Files</Filter>
    </ClInclude>
    <ClInclude Include="IndependentUtils.h">
      <Filter>Header Files</Filter>
    </ClInclude>
    <ClInclude Include="ECBPPOrientations.h">
      <Filter>Header Files</Filter>
    </ClInclude>
    <ClInclude Include="ECBPPOrientationResults.h">
      <Filter>Header Files</Filter>
    </ClInclude>
    <ClInclude Include="EnclaveBorderLineList.h">
      <Filter>Header Files</Filter>
    </ClInclude>
    <ClInclude Include="ECBBorder.h">
      <Filter>Header Files</Filter>
    </ClInclude>
    <ClInclude Include="ECBBorderCornerPoint.h">
      <Filter>Header Files</Filter>
    </ClInclude>
    <ClInclude Include="ECBBorderLineList.h">
      <Filter>Header Files</Filter>
    </ClInclude>
    <ClInclude Include="ECBBorderLine.h">
      <Filter>Header Files</Filter>
    </ClInclude>
    <ClInclude Include="BlockBorderMDCorner.h">
      <Filter>Header Files</Filter>
    </ClInclude>
    <ClInclude Include="BlockBorderMDFace.h">
      <Filter>Header Files</Filter>
    </ClInclude>
    <ClInclude Include="BlockBorderMDLine.h">
      <Filter>Header Files</Filter>
    </ClInclude>
    <ClInclude Include="BorderDataMap.h">
      <Filter>Header Files</Filter>
    </ClInclude>
    <ClInclude Include="BorderMDFaceList.h">
      <Filter>Header Files</Filter>
    </ClInclude>
    <ClInclude Include="DynamicBorder.h">
      <Filter>Header Files</Filter>
    </ClInclude>
    <ClInclude Include="DynamicBorderCornerPoint.h">
      <Filter>Header Files</Filter>
    </ClInclude>
    <ClInclude Include="DynamicBorderLineList.h">
      <Filter>Header Files</Filter>
    </ClInclude>
    <ClInclude Include="ECBPolyPointTri.h">
      <Filter>Header Files</Filter>
    </ClInclude>
    <ClInclude Include="DynamicEndpointMeta.h">
      <Filter>Header Files</Filter>
    </ClInclude>
    <ClInclude Include="LinePointSynchronizer.h">
      <Filter>Header Files</Filter>
    </ClInclude>
    <ClInclude Include="DynamicLinePointSynchronizer.h">
      <Filter>Header Files</Filter>
    </ClInclude>
    <ClInclude Include="DynamicSyncExclusionOption.h">
      <Filter>Header Files</Filter>
    </ClInclude>
    <ClInclude Include="DynamicLineSyncResult.h">
      <Filter>Header Files</Filter>
    </ClInclude>
    <ClInclude Include="DynamicLineSyncType.h">
      <Filter>Header Files</Filter>
    </ClInclude>
    <ClInclude Include="Message.h">
      <Filter>Header Files\Messages</Filter>
    </ClInclude>
    <ClInclude Include="MessageBuildResult.h">
      <Filter>Header Files\Messages</Filter>
    </ClInclude>
    <ClInclude Include="MessageCable.h">
      <Filter>Header Files\Messages</Filter>
    </ClInclude>
    <ClInclude Include="MessageInterpreter.h">
      <Filter>Header Files\Messages</Filter>
    </ClInclude>
    <ClInclude Include="MessageLocality.h">
      <Filter>Header Files\Messages</Filter>
    </ClInclude>
    <ClInclude Include="MessageType.h">
      <Filter>Header Files\Messages</Filter>
    </ClInclude>
    <ClInclude Include="EnclaveBlockVertex.h">
      <Filter>Header Files\Blueprints\ORE\EnclaveBlock</Filter>
    </ClInclude>
    <ClInclude Include="TertiaryTriangleContainer.h">
      <Filter>Header Files\Blueprints\ORE\EnclaveBlock</Filter>
    </ClInclude>
    <ClInclude Include="SegmentMeta.h">
      <Filter>Header Files\Blueprints\ORE\EnclaveBlock</Filter>
    </ClInclude>
    <ClInclude Include="PrimarySegmentTracker.h">
      <Filter>Header Files\Blueprints\ORE\EnclaveBlock</Filter>
    </ClInclude>
    <ClInclude Include="FaceListMeta.h">
      <Filter>Header Files</Filter>
    </ClInclude>
    <ClInclude Include="InterceptValidity.h">
      <Filter>Header Files</Filter>
    </ClInclude>
    <ClInclude Include="PolyLineEndpointMeta.h">
      <Filter>Header Files\Blueprints\ORE\EnclaveBlock</Filter>
    </ClInclude>
    <ClInclude Include="PLTracingResult.h">
      <Filter>Header Files\Blueprints\ORE\EnclaveBlock</Filter>
    </ClInclude>
    <ClInclude Include="CircuitSegmentType.h">
      <Filter>Header Files\Blueprints\ORE\EnclaveBlock</Filter>
    </ClInclude>
    <ClInclude Include="PrimarySegmentMeta.h">
      <Filter>Header Files\Blueprints\ORE\EnclaveBlock</Filter>
    </ClInclude>
    <ClInclude Include="MicroPolyPointContainer.h">
      <Filter>Header Files\Blueprints\ORE\EnclaveBlock</Filter>
    </ClInclude>
    <ClInclude Include="SCircuitSegment.h">
      <Filter>Header Files\Blueprints\ORE\EnclaveBlock</Filter>
    </ClInclude>
    <ClInclude Include="BlockCircuit.h">
      <Filter>Header Files\Blueprints\ORE\EnclaveBlock</Filter>
    </ClInclude>
    <ClInclude Include="SegmentResult.h">
      <Filter>Header Files\Blueprints\ORE\EnclaveBlock</Filter>
    </ClInclude>
    <ClInclude Include="OrganicWrappedBBFan.h">
      <Filter>Header Files\Blueprints\ORE\EnclaveBlock</Filter>
    </ClInclude>
    <ClInclude Include="PolyRunDirection.h">
      <Filter>Header Files\Blueprints\ORE\EnclaveBlock</Filter>
    </ClInclude>
    <ClInclude Include="PointSearchData.h">
      <Filter>Header Files\Blueprints\ORE\EnclaveBlock</Filter>
    </ClInclude>
    <ClInclude Include="BlockSearchMeta.h">
      <Filter>Header Files\Blueprints\ORE\EnclaveBlock</Filter>
    </ClInclude>
    <ClInclude Include="BlockFlagStates.h">
      <Filter>Header Files\Blueprints\ORE\EnclaveBlock</Filter>
    </ClInclude>
    <ClInclude Include="BlockFlags.h">
      <Filter>Header Files\Blueprints\ORE\EnclaveBlock</Filter>
    </ClInclude>
    <ClInclude Include="PolyGroupTickerState.h">
      <Filter>Header Files\Blueprints\ORE\EnclaveBlock</Filter>
    </ClInclude>
    <ClInclude Include="PolyGroupTicker.h">
      <Filter>Header Files\Blueprints\ORE</Filter>
    </ClInclude>
    <ClInclude Include="EnclaveBlock.h">
      <Filter>Header Files\Blueprints\ORE\EnclaveBlock</Filter>
    </ClInclude>
    <ClInclude Include="SecondaryLineType.h">
      <Filter>Header Files\Blueprints\ORE\EnclaveTriangle</Filter>
    </ClInclude>
    <ClInclude Include="CursorPathTraceContainer.h">
      <Filter>Header Files\Blueprints\ORE\EnclaveTriangle</Filter>
    </ClInclude>
    <ClInclude Include="ECBPolyPointLocation.h">
      <Filter>Header Files\Blueprints\ORE\EnclaveTriangle</Filter>
    </ClInclude>
    <ClInclude Include="PrimaryLineT1.h">
      <Filter>Header Files\Blueprints\ORE\EnclaveTriangle</Filter>
    </ClInclude>
    <ClInclude Include="ECBTrianglePoint.h">
      <Filter>Header Files\Blueprints\ORE\EnclaveTriangle</Filter>
    </ClInclude>
    <ClInclude Include="ECBTrianglePointArray.h">
      <Filter>Header Files\Blueprints\ORE\EnclaveTriangle</Filter>
    </ClInclude>
    <ClInclude Include="ECBPolyLine.h">
      <Filter>Header Files\Blueprints\ORE\EnclaveTriangle</Filter>
    </ClInclude>
    <ClInclude Include="ECBPolyLineSlopes.h">
      <Filter>Header Files\Blueprints\ORE\EnclaveTriangle</Filter>
    </ClInclude>
    <ClInclude Include="ECBPolyLineSlopesArray.h">
      <Filter>Header Files\Blueprints\ORE\EnclaveTriangle</Filter>
    </ClInclude>
    <ClInclude Include="PrimaryLineT2.h">
      <Filter>Header Files\Blueprints\ORE\EnclaveTriangle</Filter>
    </ClInclude>
    <ClInclude Include="PrimaryLineT2Array.h">
      <Filter>Header Files\Blueprints\ORE\EnclaveTriangle</Filter>
    </ClInclude>
    <ClInclude Include="ECBBorderValues.h">
      <Filter>Header Files</Filter>
    </ClInclude>
    <ClInclude Include="ECBCalibratedPointPair.h">
      <Filter>Header Files</Filter>
    </ClInclude>
    <ClInclude Include="ECBIntersectMeta.h">
      <Filter>Header Files</Filter>
    </ClInclude>
    <ClInclude Include="PrimaryLineT2IsolatedTracer.h">
      <Filter>Header Files</Filter>
    </ClInclude>
    <ClInclude Include="ECBPolyPointPair.h">
      <Filter>Header Files</Filter>
    </ClInclude>
    <ClInclude Include="PrimaryLineT1Link.h">
      <Filter>Header Files</Filter>
    </ClInclude>
    <ClInclude Include="PrimaryLineT1LinkArray.h">
      <Filter>Header Files</Filter>
    </ClInclude>
    <ClInclude Include="PrimaryLineT2MultiTracer.h">
      <Filter>Header Files</Filter>
    </ClInclude>
    <ClInclude Include="PrimaryLineT1Array.h">
      <Filter>Header Files</Filter>
    </ClInclude>
    <ClInclude Include="SecondarySearchResult.h">
      <Filter>Header Files</Filter>
    </ClInclude>
    <ClInclude Include="TerminatingSet.h">
      <Filter>Header Files</Filter>
    </ClInclude>
    <ClInclude Include="TerminatingSetContainer.h">
      <Filter>Header Files</Filter>
    </ClInclude>
    <ClInclude Include="OrganicTriangleTertiary.h">
      <Filter>Header Files</Filter>
    </ClInclude>
    <ClInclude Include="LineRunnerState.h">
      <Filter>Header Files</Filter>
    </ClInclude>
    <ClInclude Include="EnclaveLineRunner.h">
      <Filter>Header Files</Filter>
    </ClInclude>
    <ClInclude Include="ECBPolyType.h">
      <Filter>Header Files</Filter>
    </ClInclude>
    <ClInclude Include="PolyUtils.h">
      <Filter>Header Files</Filter>
    </ClInclude>
    <ClInclude Include="TriangleLine.h">
      <Filter>Header Files</Filter>
    </ClInclude>
    <ClInclude Include="ECBPoly.h">
      <Filter>Header Files</Filter>
    </ClInclude>
    <ClInclude Include="ECBPolySkeleton.h">
      <Filter>Header Files</Filter>
    </ClInclude>
    <ClInclude Include="EnclaveTriangleInteriorRunner.h">
      <Filter>Header Files\Blueprints\ORE\EnclaveTriangle</Filter>
    </ClInclude>
    <ClInclude Include="EnclaveTriangle.h">
      <Filter>Header Files\Blueprints\ORE\EnclaveTriangle</Filter>
    </ClInclude>
    <ClInclude Include="EnclaveTriangleSkeletonSupergroupManager.h">
      <Filter>Header Files\Blueprints\ORE\EnclaveTriangle</Filter>
    </ClInclude>
    <ClInclude Include="EnclaveTriangleSkeleton.h">
      <Filter>Header Files\Blueprints\ORE\EnclaveTriangle</Filter>
    </ClInclude>
    <ClInclude Include="EnclaveTriangleSkeletonContainer.h">
      <Filter>Header Files\Blueprints\ORE\EnclaveTriangle</Filter>
    </ClInclude>
    <ClInclude Include="EnclaveTriangleSkeletonSupergroup.h">
      <Filter>Header Files\Blueprints\ORE\EnclaveTriangle</Filter>
    </ClInclude>
    <ClInclude Include="EnclaveTriangleContainer.h">
      <Filter>Header Files\Blueprints\ORE\EnclaveTriangle</Filter>
    </ClInclude>
    <ClInclude Include="EnclaveTriangleContainerSupergroup.h">
      <Filter>Header Files\Blueprints\ORE\EnclaveTriangle</Filter>
    </ClInclude>
    <ClInclude Include="EnclaveTriangleContainerSupergroupManager.h">
      <Filter>Header Files\Blueprints\ORE\EnclaveTriangle</Filter>
    </ClInclude>
    <ClInclude Include="OrganicTriangleSecondary.h">
      <Filter>Header Files\Blueprints\ORE</Filter>
    </ClInclude>
    <ClInclude Include="OrganicTriangleSecondarySupergroup.h">
      <Filter>Header Files\Blueprints\ORE\EnclaveTriangle</Filter>
    </ClInclude>
    <ClInclude Include="OrganicTriangleSecondarySupergroupManager.h">
      <Filter>Header Files\Blueprints\ORE\EnclaveTriangle</Filter>
    </ClInclude>
    <ClInclude Include="EnclaveBlockSkeleton.h">
      <Filter>Header Files\Blueprints\ORE\EnclaveTriangle</Filter>
    </ClInclude>
    <ClInclude Include="OrganicTransformUtils.h">
      <Filter>Header Files</Filter>
    </ClInclude>
    <ClInclude Include="OrganicRawEnclave.h">
      <Filter>Header Files\Blueprints\ORE</Filter>
    </ClInclude>
    <ClInclude Include="EnclavePolyFractureResults.h">
      <Filter>Header Files\Blueprints\ORE\EnclaveTriangle</Filter>
    </ClInclude>
    <ClInclude Include="GroupSetPair.h">
      <Filter>Header Files</Filter>
    </ClInclude>
    <ClInclude Include="ORELodState.h">
      <Filter>Header Files\Blueprints\ORE</Filter>
    </ClInclude>
    <ClInclude Include="OREAppendedState.h">
      <Filter>Header Files\Blueprints\ORE</Filter>
    </ClInclude>
    <ClInclude Include="OrganicLineBase.h">
      <Filter>Header Files</Filter>
    </ClInclude>
    <ClInclude Include="EnclaveBlockVertexTri.h">
      <Filter>Header Files</Filter>
    </ClInclude>
    <ClInclude Include="TertiaryTriangleProducer.h">
      <Filter>Header Files</Filter>
    </ClInclude>
    <ClInclude Include="StringTracer.h">
      <Filter>Header Files</Filter>
    </ClInclude>
    <ClInclude Include="DynamicLinePointSyncExclusionFlags.h">
      <Filter>Header Files</Filter>
    </ClInclude>
    <ClInclude Include="BlueprintTransformRefs.h">
      <Filter>Header Files</Filter>
    </ClInclude>
    <ClInclude Include="PolyGroupRange.h">
      <Filter>Header Files</Filter>
    </ClInclude>
    <ClInclude Include="OREDependencyState.h">
      <Filter>Header Files\Blueprints\ORE</Filter>
    </ClInclude>
    <ClInclude Include="MessageContainer.h">
      <Filter>Header Files\Messages</Filter>
    </ClInclude>
    <ClInclude Include="FusableArea.h">
      <Filter>Header Files\Fusion</Filter>
    </ClInclude>
    <ClInclude Include="FusableAreaState.h">
      <Filter>Header Files\Fusion</Filter>
    </ClInclude>
    <ClInclude Include="PAtomBase.h">
      <Filter>Header Files\Fusion</Filter>
    </ClInclude>
    <ClInclude Include="PAtomState.h">
      <Filter>Header Files\Fusion</Filter>
    </ClInclude>
    <ClInclude Include="PMass.h">
      <Filter>Header Files\Fusion</Filter>
    </ClInclude>
    <ClInclude Include="PRMAtomic2D.h">
      <Filter>Header Files\Fusion\PointResolution\Methods</Filter>
    </ClInclude>
    <ClInclude Include="PRMA2DResolverBase.h">
      <Filter>Header Files\Fusion\PointResolution\Methods\Resolvers</Filter>
    </ClInclude>
    <ClInclude Include="PointResolutionMethod.h">
      <Filter>Header Files\Fusion\PointResolution\Methods</Filter>
    </ClInclude>
    <ClInclude Include="PRResult.h">
      <Filter>Header Files\Fusion\PointResolution</Filter>
    </ClInclude>
    <ClInclude Include="OrganicSystemRunMode.h">
      <Filter>Header Files</Filter>
    </ClInclude>
    <ClInclude Include="PRMA2DResolverXY.h">
      <Filter>Header Files\Fusion\PointResolution\Methods\Resolvers</Filter>
    </ClInclude>
    <ClInclude Include="ResolverLink.h">
      <Filter>Header Files\Fusion\PointResolution\Methods\Resolvers</Filter>
    </ClInclude>
    <ClInclude Include="ResolverLinkMap.h">
      <Filter>Header Files\Fusion\PointResolution\Methods\Resolvers</Filter>
    </ClInclude>
    <ClInclude Include="PRMTypeEnum.h">
      <Filter>Header Files\Fusion\PointResolution\Methods</Filter>
    </ClInclude>
    <ClInclude Include="PAtomDimType.h">
      <Filter>Header Files\Fusion</Filter>
    </ClInclude>
    <ClInclude Include="AtomicBondingResult.h">
      <Filter>Header Files\Fusion</Filter>
    </ClInclude>
    <ClInclude Include="PAtom2DXY.h">
      <Filter>Header Files\Fusion</Filter>
    </ClInclude>
    <ClInclude Include="NeighboringBlockLocation.h">
      <Filter>Header Files\Neighbors</Filter>
    </ClInclude>
    <ClInclude Include="NeighboringORELocation.h">
      <Filter>Header Files\Neighbors</Filter>
    </ClInclude>
    <ClInclude Include="NeighboringBlueprintLocation.h">
      <Filter>Header Files\Neighbors</Filter>
    </ClInclude>
    <ClInclude Include="NeighboringBlockLocationSet.h">
      <Filter>Header Files\Neighbors</Filter>
    </ClInclude>
    <ClInclude Include="NeighboringORELocationSet.h">
      <Filter>Header Files\Neighbors</Filter>
    </ClInclude>
    <ClInclude Include="NeighboringBlueprintLocationSet.h">
      <Filter>Header Files\Neighbors</Filter>
    </ClInclude>
    <ClInclude Include="OSTerrainFormation.h">
      <Filter>Header Files\TerrainFormations</Filter>
    </ClInclude>
    <ClInclude Include="PMassState.h">
      <Filter>Header Files\Fusion\PointResolution</Filter>
    </ClInclude>
    <ClInclude Include="PMassResult.h">
      <Filter>Header Files\Fusion\PointResolution</Filter>
    </ClInclude>
    <ClInclude Include="OperableIntSet.h">
      <Filter>Header Files\Operable</Filter>
    </ClInclude>
    <ClInclude Include="Operable3DEnclaveKeySet.h">
      <Filter>Header Files\Operable</Filter>
    </ClInclude>
    <ClInclude Include="EnclaveBlockState.h">
      <Filter>Header Files\Blueprints\ORE\EnclaveBlock</Filter>
    </ClInclude>
    <ClInclude Include="EnclaveKeyPair.h">
      <Filter>Header Files</Filter>
    </ClInclude>
    <ClInclude Include="RippleImpactRegister.h">
      <Filter>Header Files\RippleImpact</Filter>
    </ClInclude>
    <ClInclude Include="BoundaryPolyIndicator.h">
      <Filter>Header Files\BoundaryPolyIndicator</Filter>
    </ClInclude>
    <ClInclude Include="BoundaryOrientation.h">
      <Filter>Header Files\BoundaryPolyIndicator</Filter>
    </ClInclude>
    <ClInclude Include="NeighboringBlockRelativeOrientation.h">
      <Filter>Header Files\Neighbors</Filter>
    </ClInclude>
    <ClInclude Include="BlockCopyQuery.h">
      <Filter>Header Files\Blueprints\ORE\EnclaveBlock</Filter>
    </ClInclude>
    <ClInclude Include="Cycle.h">
      <Filter>Header Files\Custom_Containers</Filter>
    </ClInclude>
    <ClInclude Include="TrackedMap.h">
      <Filter>Header Files\Custom_Containers</Filter>
    </ClInclude>
    <ClInclude Include="ExceptionRecorder.h">
      <Filter>Header Files\ExceptionRecorder</Filter>
    </ClInclude>
    <ClInclude Include="ExceptionRecord.h">
      <Filter>Header Files\ExceptionRecorder</Filter>
    </ClInclude>
    <ClInclude Include="ExceptionRecordType.h">
      <Filter>Header Files\ExceptionRecorder</Filter>
    </ClInclude>
    <ClInclude Include="FTriangle.h">
      <Filter>Header Files\FracturableTriangle</Filter>
    </ClInclude>
    <ClInclude Include="FTriangleType.h">
      <Filter>Header Files\FracturableTriangle</Filter>
    </ClInclude>
    <ClInclude Include="FTriangleContainer.h">
      <Filter>Header Files\FracturableTriangle</Filter>
    </ClInclude>
    <ClInclude Include="CalibratableBlueprintKeyPair.h">
      <Filter>Header Files</Filter>
    </ClInclude>
    <ClInclude Include="UniquePointContainer.h">
      <Filter>Header Files\Custom_Containers</Filter>
    </ClInclude>
    <ClInclude Include="FTriangleProductionStager.h">
      <Filter>Header Files\FracturableTriangle</Filter>
    </ClInclude>
    <ClInclude Include="FTriangleFracturerBase.h">
      <Filter>Header Files\FracturableTriangle\FracturingMachines</Filter>
    </ClInclude>
    <ClInclude Include="FTriangleTracerBase.h">
      <Filter>Header Files\FracturableTriangle\FTriangleTracer</Filter>
    </ClInclude>
    <ClInclude Include="FTriangleWorldTracer.h">
      <Filter>Header Files\FracturableTriangle\FTriangleTracer</Filter>
    </ClInclude>
    <ClInclude Include="FTriangleLineType.h">
      <Filter>Header Files\FracturableTriangle\FTriangleLine</Filter>
    </ClInclude>
    <ClInclude Include="FTriangleLine.h">
      <Filter>Header Files\FracturableTriangle\FTriangleLine</Filter>
    </ClInclude>
    <ClInclude Include="PerfectClampEnum.h">
      <Filter>Header Files</Filter>
    </ClInclude>
    <ClInclude Include="FRayCasterQuadBase.h">
      <Filter>Header Files\FracturableTriangle\FRayCasters</Filter>
    </ClInclude>
    <ClInclude Include="FRayCasterTypeEnum.h">
      <Filter>Header Files\FracturableTriangle\FRayCasters</Filter>
    </ClInclude>
    <ClInclude Include="FRayCasterInitData.h">
      <Filter>Header Files\FracturableTriangle\FRayCasters</Filter>
    </ClInclude>
    <ClInclude Include="XFRayCastQuad.h">
      <Filter>Header Files\FracturableTriangle\FRayCasters</Filter>
    </ClInclude>
    <ClInclude Include="YFRayCastQuad.h">
      <Filter>Header Files\FracturableTriangle\FRayCasters</Filter>
    </ClInclude>
    <ClInclude Include="ZFRayCastQuad.h">
      <Filter>Header Files\FracturableTriangle\FRayCasters</Filter>
    </ClInclude>
    <ClInclude Include="FRayIntersectionMachine.h">
      <Filter>Header Files\FracturableTriangle\FRayCasters</Filter>
    </ClInclude>
    <ClInclude Include="FRayIntersectionRoundingMode.h">
      <Filter>Header Files\FracturableTriangle\FRayCasters</Filter>
    </ClInclude>
    <ClInclude Include="Vec3Pair.h">
      <Filter>Header Files</Filter>
    </ClInclude>
    <ClInclude Include="FTrianglePoint.h">
      <Filter>Header Files\FracturableTriangle\FTrianglePoint</Filter>
    </ClInclude>
    <ClInclude Include="FTrianglePointType.h">
      <Filter>Header Files\FracturableTriangle\FTrianglePoint</Filter>
    </ClInclude>
    <ClInclude Include="TracingLineBoundingBox.h">
      <Filter>Header Files</Filter>
    </ClInclude>
    <ClInclude Include="DimensionalLineScannerBase.h">
      <Filter>Header Files\FracturableTriangle\DimensionalLineScanners</Filter>
    </ClInclude>
    <ClInclude Include="XDimLineScanner.h">
      <Filter>Header Files\FracturableTriangle\DimensionalLineScanners\XDimLineScanner</Filter>
    </ClInclude>
    <ClInclude Include="YZDimMoveVal.h">
      <Filter>Header Files\FracturableTriangle\DimensionalLineScanners\XDimLineScanner</Filter>
    </ClInclude>
    <ClInclude Include="XSliceLine.h">
      <Filter>Header Files\FracturableTriangle\DimensionalLineScanners\XDimLineScanner</Filter>
    </ClInclude>
    <ClInclude Include="YZDim.h">
      <Filter>Header Files\FracturableTriangle\DimensionalLineScanners\XDimLineScanner</Filter>
    </ClInclude>
    <ClInclude Include="FTriangleLineTargets.h">
      <Filter>Header Files\FracturableTriangle\DimensionalLineScanners</Filter>
    </ClInclude>
    <ClInclude Include="YDimLineScanner.h">
      <Filter>Header Files\FracturableTriangle\DimensionalLineScanners\YDimLineScanner</Filter>
    </ClInclude>
    <ClInclude Include="YSliceLine.h">
      <Filter>Header Files\FracturableTriangle\DimensionalLineScanners\YDimLineScanner</Filter>
    </ClInclude>
    <ClInclude Include="XZDimMoveVal.h">
      <Filter>Header Files\FracturableTriangle\DimensionalLineScanners\YDimLineScanner</Filter>
    </ClInclude>
    <ClInclude Include="XZDim.h">
      <Filter>Header Files\FracturableTriangle\DimensionalLineScanners\YDimLineScanner</Filter>
    </ClInclude>
    <ClInclude Include="XYDimMoveVal.h">
      <Filter>Header Files\FracturableTriangle\DimensionalLineScanners\ZDimLineScanner</Filter>
    </ClInclude>
    <ClInclude Include="XYDim.h">
      <Filter>Header Files\FracturableTriangle\DimensionalLineScanners\ZDimLineScanner</Filter>
    </ClInclude>
    <ClInclude Include="ZSliceLine.h">
      <Filter>Header Files\FracturableTriangle\DimensionalLineScanners\ZDimLineScanner</Filter>
    </ClInclude>
    <ClInclude Include="ZDimLineScanner.h">
      <Filter>Header Files\FracturableTriangle\DimensionalLineScanners\ZDimLineScanner</Filter>
    </ClInclude>
    <ClInclude Include="FTriangleOutput.h">
      <Filter>Header Files\FracturableTriangle</Filter>
    </ClInclude>
    <ClInclude Include="FTriangleReverseTranslationMode.h">
      <Filter>Header Files\FracturableTriangle</Filter>
    </ClInclude>
    <ClInclude Include="DoublePoint.h">
      <Filter>Header Files</Filter>
    </ClInclude>
    <ClInclude Include="TriangleMaterial.h">
      <Filter>Header Files</Filter>
    </ClInclude>
    <ClInclude Include="FTriangleUtils.h">
      <Filter>Header Files\FracturableTriangle</Filter>
    </ClInclude>
    <ClInclude Include="FTraceType.h">
      <Filter>Header Files\FracturableTriangle</Filter>
    </ClInclude>
    <ClInclude Include="FIntersectMeta.h">
      <Filter>Header Files\FracturableTriangle</Filter>
    </ClInclude>
    <ClInclude Include="FTraceBorderValues.h">
      <Filter>Header Files\FracturableTriangle</Filter>
    </ClInclude>
    <ClInclude Include="FTraceBorderLineList.h">
      <Filter>Header Files\FracturableTriangle</Filter>
    </ClInclude>
    <ClInclude Include="FTraceOrientationResults.h">
      <Filter>Header Files\FracturableTriangle</Filter>
    </ClInclude>
    <ClInclude Include="WorldFracturingMachine.h">
      <Filter>Header Files\FracturableTriangle\FracturingMachines\World</Filter>
    </ClInclude>
    <ClInclude Include="BlueprintFracturingMachine.h">
      <Filter>Header Files\FracturableTriangle\FracturingMachines\Blueprint</Filter>
    </ClInclude>
    <ClInclude Include="CalibrateableOREKeyPair.h">
      <Filter>Header Files\FracturableTriangle\FracturingMachines\Blueprint</Filter>
    </ClInclude>
    <ClInclude Include="FTriangleBlueprintTracer.h">
      <Filter>Header Files\FracturableTriangle\FTriangleTracer</Filter>
    </ClInclude>
    <ClInclude Include="FKeyCalibrationMode.h">
      <Filter>Header Files\FracturableTriangle\FracturingMachines\Blueprint</Filter>
    </ClInclude>
    <ClInclude Include="FTriangleKeySetCalibrator.h">
      <Filter>Header Files\FracturableTriangle\FracturingMachines</Filter>
    </ClInclude>
    <ClInclude Include="FExteriorRaycastCollisionResolver.h">
      <Filter>Header Files\FracturableTriangle</Filter>
    </ClInclude>
    <ClInclude Include="FPotentialCollisionEnum.h">
      <Filter>Header Files\FracturableTriangle</Filter>
    </ClInclude>
    <ClInclude Include="FTriangleLineResolverBase.h">
      <Filter>Header Files\FracturableTriangle\FTriangleLineResolutionMachine\FTriangleLineResolvers</Filter>
    </ClInclude>
    <ClInclude Include="FTriangleLineResolutionMachine.h">
      <Filter>Header Files\FracturableTriangle\FTriangleLineResolutionMachine</Filter>
    </ClInclude>
    <ClInclude Include="OREFracturingMachine.h">
      <Filter>Header Files\FracturableTriangle\FracturingMachines\ORE</Filter>
    </ClInclude>
    <ClInclude Include="FTriangleORETracer.h">
      <Filter>Header Files\FracturableTriangle\FTriangleTracer</Filter>
    </ClInclude>
    <ClInclude Include="FTLResolverScannedStickSaw.h">
      <Filter>Header Files\FracturableTriangle\FTriangleLineResolutionMachine\FTriangleLineResolvers</Filter>
    </ClInclude>
    <ClInclude Include="FTLResolverExteriorStickSaw.h">
      <Filter>Header Files\FracturableTriangle\FTriangleLineResolutionMachine\FTriangleLineResolvers</Filter>
    </ClInclude>
    <ClInclude Include="FTLResolutionStatus.h">
      <Filter>Header Files\FracturableTriangle\FTriangleLineResolutionMachine\FTriangleLineResolvers</Filter>
    </ClInclude>
    <ClInclude Include="FTLResolverClampedCorner.h">
      <Filter>Header Files\FracturableTriangle\FTriangleLineResolutionMachine\FTriangleLineResolvers</Filter>
    </ClInclude>
    <ClInclude Include="FTLResolverDualStickSaw.h">
      <Filter>Header Files\FracturableTriangle\FTriangleLineResolutionMachine\FTriangleLineResolvers</Filter>
    </ClInclude>
    <ClInclude Include="EnclaveTriangleOld.h">
      <Filter>Header Files\Archived</Filter>
    </ClInclude>
    <ClInclude Include="OrganicFanGroup.h">
      <Filter>Header Files</Filter>
    </ClInclude>
    <ClInclude Include="BlockSubType.h">
      <Filter>Header Files</Filter>
    </ClInclude>
    <ClInclude Include="PolyLogger.h">
      <Filter>Header Files\Logging</Filter>
    </ClInclude>
    <ClInclude Include="OutputDirector.h">
      <Filter>Header Files\Logging</Filter>
    </ClInclude>
    <ClInclude Include="OutputDirectorMode.h">
      <Filter>Header Files\Logging</Filter>
    </ClInclude>
    <ClInclude Include="BlockUtils.h">
      <Filter>Header Files\Blueprints\ORE\EnclaveBlock</Filter>
    </ClInclude>
    <ClInclude Include="MidwayVectorFinder.h">
      <Filter>Header Files\Planar</Filter>
    </ClInclude>
    <ClInclude Include="AtlasMap.h">
      <Filter>Header Files\OpenGLDataStructures\AtlasMap</Filter>
    </ClInclude>
    <ClInclude Include="AtlasMetaData.h">
      <Filter>Header Files\OpenGLDataStructures\AtlasMap</Filter>
    </ClInclude>
    <ClInclude Include="AtlasPropertiesGL.h">
      <Filter>Header Files\OpenGLDataStructures\AtlasMap</Filter>
    </ClInclude>
    <ClInclude Include="AtlasTile.h">
      <Filter>Header Files\OpenGLDataStructures\AtlasMap</Filter>
    </ClInclude>
    <ClInclude Include="stb_image.h">
      <Filter>Header Files\OpenGLDataStructures\AtlasMap</Filter>
    </ClInclude>
    <ClInclude Include="TexturePoints.h">
      <Filter>Header Files\OpenGLDataStructures\AtlasMap</Filter>
    </ClInclude>
    <ClInclude Include="TextureUV.h">
      <Filter>Header Files\OpenGLDataStructures\AtlasMap</Filter>
    </ClInclude>
    <ClInclude Include="TileDataGLWIN.h">
      <Filter>Header Files\OpenGLDataStructures\AtlasMap</Filter>
    </ClInclude>
    <ClInclude Include="TileLoadData.h">
      <Filter>Header Files\OpenGLDataStructures\AtlasMap</Filter>
    </ClInclude>
    <ClInclude Include="TileMeta.h">
      <Filter>Header Files\OpenGLDataStructures\AtlasMap</Filter>
    </ClInclude>
    <ClInclude Include="TerrainTrianglePoint.h">
      <Filter>Header Files\OpenGLDataStructures</Filter>
    </ClInclude>
    <ClInclude Include="TerrainTriangle.h">
      <Filter>Header Files\OpenGLDataStructures</Filter>
    </ClInclude>
    <ClInclude Include="QuatRotationPoints.h">
      <Filter>Header Files\OpenGLDataStructures\Quat</Filter>
    </ClInclude>
    <ClInclude Include="QuatRotationManager.h">
      <Filter>Header Files\OpenGLDataStructures\Quat</Filter>
    </ClInclude>
    <ClInclude Include="QuatRotationType.h">
      <Filter>Header Files\OpenGLDataStructures\Quat</Filter>
    </ClInclude>
    <ClInclude Include="QuatRotationRecord.h">
      <Filter>Header Files\OpenGLDataStructures\Quat</Filter>
    </ClInclude>
    <ClInclude Include="Header.h">
      <Filter>Header Files\OpenGLDataStructures</Filter>
    </ClInclude>
    <ClInclude Include="CyclingDirection.h">
      <Filter>Header Files\OpenGLDataStructures</Filter>
    </ClInclude>
    <ClInclude Include="ContainerType.h">
      <Filter>Header Files\OpenGLDataStructures\UV</Filter>
    </ClInclude>
    <ClInclude Include="PointTranslationCheck.h">
      <Filter>Header Files\OpenGLDataStructures</Filter>
    </ClInclude>
    <ClInclude Include="TileCoordinateProducer.h">
      <Filter>Header Files\OpenGLDataStructures\Tile</Filter>
    </ClInclude>
    <ClInclude Include="UVTriangleCoords.h">
      <Filter>Header Files\OpenGLDataStructures\UV</Filter>
    </ClInclude>
    <ClInclude Include="OrganicPolygon.h">
      <Filter>Header Files</Filter>
    </ClInclude>
    <ClInclude Include="UVCoordProducer.h">
      <Filter>Header Files\OpenGLDataStructures\UV</Filter>
    </ClInclude>
    <ClInclude Include="UVCoordProducerEnclaveTriangle.h">
      <Filter>Header Files\OpenGLDataStructures\UV</Filter>
    </ClInclude>
    <ClInclude Include="UVCoordProducerECBPoly.h">
      <Filter>Header Files\OpenGLDataStructures\UV</Filter>
    </ClInclude>
    <ClInclude Include="OrganicTriangle.h">
      <Filter>Header Files\Organic</Filter>
    </ClInclude>
    <ClInclude Include="EPolyMap.h">
      <Filter>Header Files\Organic</Filter>
    </ClInclude>
    <ClInclude Include="EnclavePoly.h">
      <Filter>Header Files\Organic</Filter>
    </ClInclude>
    <ClInclude Include="OrganicTriangleState.h">
      <Filter>Header Files\Organic</Filter>
    </ClInclude>
    <ClInclude Include="MassDriverLimit.h">
      <Filter>Header Files\Organic\MassDriving</Filter>
    </ClInclude>
    <ClInclude Include="MassDriverLimitArray.h">
      <Filter>Header Files\Organic\MassDriving</Filter>
    </ClInclude>
    <ClInclude Include="OrganicVtxColorBlockMeta.h">
      <Filter>Header Files\OpenGLDataStructures\OrganicVtxColor</Filter>
    </ClInclude>
    <ClInclude Include="OrganicVtxColorFaceMeta.h">
      <Filter>Header Files\OpenGLDataStructures\OrganicVtxColor</Filter>
    </ClInclude>
    <ClInclude Include="OrganicVtxColorRGB.h">
      <Filter>Header Files\OpenGLDataStructures\OrganicVtxColor</Filter>
    </ClInclude>
    <ClInclude Include="OrganicVtxColorMetaArray.h">
      <Filter>Header Files\OpenGLDataStructures\OrganicVtxColor</Filter>
    </ClInclude>
    <ClInclude Include="OrganicVtxColorMeta.h">
      <Filter>Header Files\OpenGLDataStructures\OrganicVtxColor</Filter>
    </ClInclude>
    <ClInclude Include="OrganicVtxColorDict.h">
      <Filter>Header Files\OpenGLDataStructures\OrganicVtxColor</Filter>
    </ClInclude>
    <ClInclude Include="EnclaveFractureResultsMap.h">
      <Filter>Header Files\Blueprints</Filter>
    </ClInclude>
    <ClInclude Include="OrganicRawManifest.h">
      <Filter>Header Files\Blueprints</Filter>
    </ClInclude>
    <ClInclude Include="OrganicTriangleCatalog.h">
      <Filter>Header Files\Organic</Filter>
    </ClInclude>
    <ClInclude Include="EnclaveCollectionBlueprint.h">
      <Filter>Header Files\Blueprints</Filter>
    </ClInclude>
    <ClInclude Include="BlueprintState.h">
      <Filter>Header Files\Blueprints</Filter>
    </ClInclude>
    <ClInclude Include="BlueprintSyncTracker.h">
      <Filter>Header Files\Blueprints</Filter>
    </ClInclude>
    <ClInclude Include="FatFan.h">
      <Filter>Header Files\Blueprints\ORE\EnclaveBlock\Fan</Filter>
    </ClInclude>
    <ClInclude Include="FanManager.h">
      <Filter>Header Files\Blueprints\ORE\EnclaveBlock\Fan</Filter>
    </ClInclude>
    <ClInclude Include="FanData.h">
      <Filter>Header Files\Blueprints\ORE\EnclaveBlock\Fan</Filter>
    </ClInclude>
    <ClInclude Include="FanBase.h">
      <Filter>Header Files\Blueprints\ORE\EnclaveBlock\Fan</Filter>
    </ClInclude>
    <ClInclude Include="ThinFan.h">
      <Filter>Header Files\Blueprints\ORE\EnclaveBlock\Fan</Filter>
    </ClInclude>
    <ClInclude Include="ReconstitutedBlueprint.h">
      <Filter>Header Files\Blueprints\ReconstitutedBlueprint</Filter>
    </ClInclude>
    <ClInclude Include="ReconstitutionManager.h">
      <Filter>Header Files\Blueprints\ReconstitutedBlueprint</Filter>
    </ClInclude>
    <ClInclude Include="ReconstitutedBlueprintRunState.h">
      <Filter>Header Files\Blueprints\ReconstitutedBlueprint</Filter>
    </ClInclude>
    <ClInclude Include="ReconBlueprintRunmodeRequest.h">
      <Filter>Header Files\Blueprints\ReconstitutedBlueprint</Filter>
    </ClInclude>
    <ClInclude Include="ReconBlueprintRunmode.h">
      <Filter>Header Files\Blueprints\ReconstitutedBlueprint</Filter>
    </ClInclude>
    <ClInclude Include="MessageContainerType.h">
      <Filter>Header Files\Messages</Filter>
    </ClInclude>
    <ClInclude Include="ThreadSafeQueue.h">
      <Filter>Header Files\Custom_Containers</Filter>
    </ClInclude>
    <ClInclude Include="HashUtils.h">
      <Filter>Header Files\HashUtils</Filter>
    </ClInclude>
    <ClInclude Include="FTrianglePointUVCalculator.h">
      <Filter>Header Files\FracturableTriangle</Filter>
    </ClInclude>
    <ClInclude Include="FTrianglePointUVLink.h">
      <Filter>Header Files\FracturableTriangle\FTrianglePointUVProducer</Filter>
    </ClInclude>
    <ClInclude Include="FTrianglePointUVLinkContainer.h">
      <Filter>Header Files\FracturableTriangle\FTrianglePointUVProducer</Filter>
    </ClInclude>
    <ClInclude Include="FTrianglePointUVProducer.h">
      <Filter>Header Files\FracturableTriangle\FTrianglePointUVProducer</Filter>
    </ClInclude>
    <ClInclude Include="WorldTextureFracturingMachine.h">
      <Filter>Header Files\FracturableTriangle\FracturingMachines\World</Filter>
    </ClInclude>
    <ClInclude Include="RenderableTriangleBase.h">
      <Filter>Header Files\RType</Filter>
    </ClInclude>
    <ClInclude Include="RenderableTiledTriangle.h">
      <Filter>Header Files\RType</Filter>
    </ClInclude>
    <ClInclude Include="RenderableTriangleContainer.h">
      <Filter>Header Files\RType</Filter>
    </ClInclude>
    <ClInclude Include="RenderableTriangleContainerManager.h">
      <Filter>Header Files\RType</Filter>
    </ClInclude>
    <ClInclude Include="RenderableTriangleHandler.h">
      <Filter>Header Files\RType</Filter>
    </ClInclude>
    <ClInclude Include="RenderableGenerationResult.h">
      <Filter>Header Files\RType</Filter>
    </ClInclude>
    <ClInclude Include="ORETerrainTriangle.h">
      <Filter>Header Files\Blueprints\ORE</Filter>
    </ClInclude>
    <ClInclude Include="RDerivedTypeEnum.h">
      <Filter>Header Files\RType</Filter>
    </ClInclude>
    <ClInclude Include="RCategoryEnum.h">
      <Filter>Header Files\RType</Filter>
    </ClInclude>
    <ClInclude Include="GPUCoordinateMode.h">
      <Filter>Header Files\GPUCoordinateMode</Filter>
    </ClInclude>
    <ClInclude Include="UniqueHighlightEnum.h">
      <Filter>Header Files\Highlighting</Filter>
    </ClInclude>
    <ClInclude Include="WaveHighlightCategories.h">
      <Filter>Header Files\Highlighting</Filter>
    </ClInclude>
    <ClInclude Include="MShaderHintEnum.h">
      <Filter>Header Files\MShaderHintEnum</Filter>
    </ClInclude>
    <ClInclude Include="FBarycentricCoordProducer.h">
      <Filter>Header Files\FracturableTriangle</Filter>
    </ClInclude>
    <ClInclude Include="FTrianglePointShadow.h">
      <Filter>Header Files\FracturableTriangle\FTrianglePoint</Filter>
    </ClInclude>
    <ClInclude Include="FTriangleUVCalculator.h">
      <Filter>Header Files\FracturableTriangle</Filter>
    </ClInclude>
    <ClInclude Include="EnclaveBlockVertexTextureModeEnum.h">
      <Filter>Header Files\Blueprints\ORE\EnclaveBlock</Filter>
    </ClInclude>
  </ItemGroup>
  <ItemGroup>
    <ClCompile Include="stdafx.cpp">
      <Filter>Source Files</Filter>
    </ClCompile>
    <ClCompile Include="BlueprintScanningCuboid.cpp">
      <Filter>Resource Files</Filter>
    </ClCompile>
    <ClCompile Include="StringToMessageBuilder.cpp">
      <Filter>Resource Files</Filter>
    </ClCompile>
    <ClCompile Include="BlockBorderLineList.cpp">
      <Filter>Resource Files</Filter>
    </ClCompile>
    <ClCompile Include="IndependentUtils.cpp">
      <Filter>Resource Files</Filter>
    </ClCompile>
    <ClCompile Include="EnclaveBorderLineList.cpp">
      <Filter>Resource Files</Filter>
    </ClCompile>
    <ClCompile Include="ECBBorder.cpp">
      <Filter>Resource Files</Filter>
    </ClCompile>
    <ClCompile Include="BlockBorderMDCorner.cpp">
      <Filter>Resource Files</Filter>
    </ClCompile>
    <ClCompile Include="BlockBorderMDLine.cpp">
      <Filter>Resource Files</Filter>
    </ClCompile>
    <ClCompile Include="BorderDataMap.cpp">
      <Filter>Resource Files</Filter>
    </ClCompile>
    <ClCompile Include="BorderMDFaceList.cpp">
      <Filter>Resource Files</Filter>
    </ClCompile>
    <ClCompile Include="DynamicBorderLineList.cpp">
      <Filter>Source Files</Filter>
    </ClCompile>
    <ClCompile Include="LinePointSynchronizer.cpp">
      <Filter>Source Files</Filter>
    </ClCompile>
    <ClCompile Include="DynamicLinePointSynchronizer.cpp">
      <Filter>Source Files</Filter>
    </ClCompile>
    <ClCompile Include="MessageInterpreter.cpp">
      <Filter>Source Files\Messages</Filter>
    </ClCompile>
    <ClCompile Include="TertiaryTriangleContainer.cpp">
      <Filter>Source Files\Blueprints\ORE\EnclaveBlock</Filter>
    </ClCompile>
    <ClCompile Include="PrimarySegmentTracker.cpp">
      <Filter>Source Files\Blueprints\ORE\EnclaveBlock</Filter>
    </ClCompile>
    <ClCompile Include="PolyLineEndpointMeta.cpp">
      <Filter>Source Files\Blueprints\ORE\EnclaveBlock</Filter>
    </ClCompile>
    <ClCompile Include="PLTracingResult.cpp">
      <Filter>Source Files\Blueprints\ORE\EnclaveBlock</Filter>
    </ClCompile>
    <ClCompile Include="MicroPolyPointContainer.cpp">
      <Filter>Source Files\Blueprints\ORE\EnclaveBlock</Filter>
    </ClCompile>
    <ClCompile Include="SCircuitSegment.cpp">
      <Filter>Source Files\Blueprints\ORE\EnclaveBlock</Filter>
    </ClCompile>
    <ClCompile Include="BlockCircuit.cpp">
      <Filter>Source Files\Blueprints\ORE\EnclaveBlock</Filter>
    </ClCompile>
    <ClCompile Include="OrganicWrappedBBFan.cpp">
      <Filter>Source Files\Blueprints\ORE\EnclaveBlock</Filter>
    </ClCompile>
    <ClCompile Include="BlockFlags.cpp">
      <Filter>Source Files\Blueprints\ORE\EnclaveBlock</Filter>
    </ClCompile>
    <ClCompile Include="PolyGroupTicker.cpp">
      <Filter>Source Files\Blueprints\ORE\EnclaveBlock</Filter>
    </ClCompile>
    <ClCompile Include="EnclaveBlock.cpp">
      <Filter>Source Files\Blueprints\ORE\EnclaveBlock</Filter>
    </ClCompile>
    <ClCompile Include="PrimaryLineT1.cpp">
      <Filter>Source Files\Blueprints\ORE\EnclaveTriangle</Filter>
    </ClCompile>
    <ClCompile Include="PrimaryLineT2.cpp">
      <Filter>Source Files\Blueprints\ORE\EnclaveTriangle</Filter>
    </ClCompile>
    <ClCompile Include="PrimaryLineT2Array.cpp">
      <Filter>Source Files\Blueprints\ORE\EnclaveTriangle</Filter>
    </ClCompile>
    <ClCompile Include="PrimaryLineT2IsolatedTracer.cpp">
      <Filter>Source Files</Filter>
    </ClCompile>
    <ClCompile Include="PrimaryLineT1LinkArray.cpp">
      <Filter>Source Files</Filter>
    </ClCompile>
    <ClCompile Include="PrimaryLineT2MultiTracer.cpp">
      <Filter>Source Files</Filter>
    </ClCompile>
    <ClCompile Include="PrimaryLineT1Array.cpp">
      <Filter>Source Files</Filter>
    </ClCompile>
    <ClCompile Include="TerminatingSetContainer.cpp">
      <Filter>Source Files</Filter>
    </ClCompile>
    <ClCompile Include="EnclaveLineRunner.cpp">
      <Filter>Source Files</Filter>
    </ClCompile>
    <ClCompile Include="PolyUtils.cpp">
      <Filter>Source Files</Filter>
    </ClCompile>
    <ClCompile Include="EnclaveTriangleInteriorRunner.cpp">
      <Filter>Source Files\Blueprints\ORE\EnclaveTriangle</Filter>
    </ClCompile>
    <ClCompile Include="EnclaveTriangle.cpp">
      <Filter>Source Files\Blueprints\ORE\EnclaveTriangle</Filter>
    </ClCompile>
    <ClCompile Include="EnclaveTriangleContainer.cpp">
      <Filter>Source Files\Blueprints\ORE\EnclaveTriangle</Filter>
    </ClCompile>
    <ClCompile Include="OrganicTriangleSecondary.cpp">
      <Filter>Source Files\Blueprints\ORE</Filter>
    </ClCompile>
    <ClCompile Include="OrganicTransformUtils.cpp">
      <Filter>Source Files</Filter>
    </ClCompile>
    <ClCompile Include="EnclavePolyFractureResults.cpp">
      <Filter>Source Files\Blueprints\ORE\EnclaveTriangle</Filter>
    </ClCompile>
    <ClCompile Include="OrganicRawEnclave.cpp">
      <Filter>Source Files\Blueprints\ORE</Filter>
    </ClCompile>
    <ClCompile Include="TertiaryTriangleProducer.cpp">
      <Filter>Source Files</Filter>
    </ClCompile>
    <ClCompile Include="PMass.cpp">
      <Filter>Source Files\Fusion</Filter>
    </ClCompile>
    <ClCompile Include="PAtomBase.cpp">
      <Filter>Source Files\Fusion</Filter>
    </ClCompile>
    <ClCompile Include="PRMAtomic2D.cpp">
      <Filter>Source Files\Fusion\PointResolution\Methods</Filter>
    </ClCompile>
    <ClCompile Include="PRMA2DResolverXY.cpp">
      <Filter>Source Files\Fusion\PointResolution\Methods\Resolvers</Filter>
    </ClCompile>
    <ClCompile Include="PRMA2DResolverBase.cpp">
      <Filter>Source Files\Fusion\PointResolution\Methods\Resolvers</Filter>
    </ClCompile>
    <ClCompile Include="PAtom2DXY.cpp">
      <Filter>Source Files\Fusion</Filter>
    </ClCompile>
    <ClCompile Include="NeighboringBlockLocationSet.cpp">
      <Filter>Source Files\Neighbors</Filter>
    </ClCompile>
    <ClCompile Include="NeighboringORELocationSet.cpp">
      <Filter>Source Files\Neighbors</Filter>
    </ClCompile>
    <ClCompile Include="NeighboringBlueprintLocationSet.cpp">
      <Filter>Source Files\Neighbors</Filter>
    </ClCompile>
    <ClCompile Include="ExceptionRecorder.cpp">
      <Filter>Source Files\ExceptionRecorder</Filter>
    </ClCompile>
    <ClCompile Include="ExceptionRecord.cpp">
      <Filter>Source Files\ExceptionRecorder</Filter>
    </ClCompile>
    <ClCompile Include="FTriangle.cpp">
      <Filter>Source Files\FracturableTriangle</Filter>
    </ClCompile>
    <ClCompile Include="CalibratableBlueprintKeyPair.cpp">
      <Filter>Source Files</Filter>
    </ClCompile>
    <ClCompile Include="FTriangleFracturerBase.cpp">
      <Filter>Source Files\FracturableTriangle\DimensionalLineScanners\FracturingMachines</Filter>
    </ClCompile>
    <ClCompile Include="FTriangleWorldTracer.cpp">
      <Filter>Source Files\FracturableTriangle\FTriangleTracer</Filter>
    </ClCompile>
    <ClCompile Include="FTriangleProductionStager.cpp">
      <Filter>Source Files\FracturableTriangle</Filter>
    </ClCompile>
    <ClCompile Include="XFRayCastQuad.cpp">
      <Filter>Source Files\FracturableTriangle\FRayCasters</Filter>
    </ClCompile>
    <ClCompile Include="YFRayCastQuad.cpp">
      <Filter>Source Files\FracturableTriangle\FRayCasters</Filter>
    </ClCompile>
    <ClCompile Include="ZFRayCastQuad.cpp">
      <Filter>Source Files\FracturableTriangle\FRayCasters</Filter>
    </ClCompile>
    <ClCompile Include="FRayIntersectionMachine.cpp">
      <Filter>Source Files\FracturableTriangle\FRayCasters</Filter>
    </ClCompile>
    <ClCompile Include="DimensionalLineScannerBase.cpp">
      <Filter>Source Files\FracturableTriangle\DimensionalLineScanners</Filter>
    </ClCompile>
    <ClCompile Include="XDimLineScanner.cpp">
      <Filter>Source Files\FracturableTriangle\DimensionalLineScanners\XDimLineScanner</Filter>
    </ClCompile>
    <ClCompile Include="XSliceLine.cpp">
      <Filter>Source Files\FracturableTriangle\DimensionalLineScanners\XDimLineScanner</Filter>
    </ClCompile>
    <ClCompile Include="FRayCasterQuadBase.cpp">
      <Filter>Source Files\FracturableTriangle\FRayCasters</Filter>
    </ClCompile>
    <ClCompile Include="YSliceLine.cpp">
      <Filter>Source Files\FracturableTriangle\DimensionalLineScanners\YDimLineScanner</Filter>
    </ClCompile>
    <ClCompile Include="YDimLineScanner.cpp">
      <Filter>Source Files\FracturableTriangle\DimensionalLineScanners\YDimLineScanner</Filter>
    </ClCompile>
    <ClCompile Include="ZSliceLine.cpp">
      <Filter>Source Files\FracturableTriangle\DimensionalLineScanners\ZDimLineScanner</Filter>
    </ClCompile>
    <ClCompile Include="ZDimLineScanner.cpp">
      <Filter>Source Files\FracturableTriangle\DimensionalLineScanners\ZDimLineScanner</Filter>
    </ClCompile>
    <ClCompile Include="FTriangleContainer.cpp">
      <Filter>Source Files\FracturableTriangle</Filter>
    </ClCompile>
    <ClCompile Include="ECBPoly.cpp">
      <Filter>Source Files</Filter>
    </ClCompile>
    <ClCompile Include="OrganicTriangleSecondarySupergroupManager.cpp">
      <Filter>Source Files\Blueprints\ORE\EnclaveTriangle</Filter>
    </ClCompile>
    <ClCompile Include="FTriangleUtils.cpp">
      <Filter>Source Files\FracturableTriangle</Filter>
    </ClCompile>
    <ClCompile Include="FTriangleTracerBase.cpp">
      <Filter>Source Files\FracturableTriangle\FTriangleTracer</Filter>
    </ClCompile>
    <ClCompile Include="WorldFracturingMachine.cpp">
      <Filter>Source Files\FracturableTriangle\DimensionalLineScanners\FracturingMachines\World</Filter>
    </ClCompile>
    <ClCompile Include="BlueprintFracturingMachine.cpp">
      <Filter>Source Files\FracturableTriangle\DimensionalLineScanners\FracturingMachines\Blueprint</Filter>
    </ClCompile>
    <ClCompile Include="CalibrateableOREKeyPair.cpp">
      <Filter>Source Files\FracturableTriangle\DimensionalLineScanners\FracturingMachines\Blueprint</Filter>
    </ClCompile>
    <ClCompile Include="FTriangleBlueprintTracer.cpp">
      <Filter>Source Files\FracturableTriangle\FTriangleTracer</Filter>
    </ClCompile>
    <ClCompile Include="FTriangleKeySetCalibrator.cpp">
      <Filter>Source Files\FracturableTriangle</Filter>
    </ClCompile>
    <ClCompile Include="FExteriorRaycastCollisionResolver.cpp">
      <Filter>Source Files\FracturableTriangle</Filter>
    </ClCompile>
    <ClCompile Include="FTriangleLineResolverBase.cpp">
      <Filter>Source Files\FracturableTriangle\FTriangleLineResolutionMachine\FTriangleLineResolvers</Filter>
    </ClCompile>
    <ClCompile Include="FTriangleLineResolutionMachine.cpp">
      <Filter>Source Files\FracturableTriangle\FTriangleLineResolutionMachine</Filter>
    </ClCompile>
    <ClCompile Include="OREFracturingMachine.cpp">
      <Filter>Source Files\FracturableTriangle\DimensionalLineScanners\FracturingMachines\ORE</Filter>
    </ClCompile>
    <ClCompile Include="FTriangleORETracer.cpp">
      <Filter>Source Files\FracturableTriangle\FTriangleTracer</Filter>
    </ClCompile>
    <ClCompile Include="FTLResolverScannedStickSaw.cpp">
      <Filter>Source Files\FracturableTriangle\FTriangleLineResolutionMachine\FTriangleLineResolvers</Filter>
    </ClCompile>
    <ClCompile Include="FTLResolverExteriorStickSaw.cpp">
      <Filter>Source Files\FracturableTriangle\FTriangleLineResolutionMachine\FTriangleLineResolvers</Filter>
    </ClCompile>
    <ClCompile Include="FTLResolverClampedCorner.cpp">
      <Filter>Source Files\FracturableTriangle\FTriangleLineResolutionMachine\FTriangleLineResolvers</Filter>
    </ClCompile>
    <ClCompile Include="FTLResolverDualStickSaw.cpp">
      <Filter>Source Files\FracturableTriangle\FTriangleLineResolutionMachine\FTriangleLineResolvers</Filter>
    </ClCompile>
    <ClCompile Include="OrganicTriangleTertiary.cpp">
      <Filter>Source Files</Filter>
    </ClCompile>
    <ClCompile Include="EnclaveTriangleOld.cpp">
      <Filter>Source Files\Archived</Filter>
    </ClCompile>
    <ClCompile Include="OrganicFanGroup.cpp">
      <Filter>Source Files</Filter>
    </ClCompile>
    <ClCompile Include="PolyLogger.cpp">
      <Filter>Source Files\Logging</Filter>
    </ClCompile>
    <ClCompile Include="OutputDirector.cpp">
      <Filter>Source Files\Logging</Filter>
    </ClCompile>
    <ClCompile Include="FTriangleLine.cpp">
      <Filter>Source Files\FracturableTriangle\FTriangleLine</Filter>
    </ClCompile>
    <ClCompile Include="BlockUtils.cpp">
      <Filter>Source Files\Blueprints\ORE\EnclaveBlock</Filter>
    </ClCompile>
    <ClCompile Include="MidwayVectorFinder.cpp">
      <Filter>Source Files\Planar</Filter>
    </ClCompile>
    <ClCompile Include="AtlasMap.cpp">
      <Filter>Source Files\OpenGLDataStructures\AtlasMap</Filter>
    </ClCompile>
    <ClCompile Include="QuatRotationPoints.cpp">
      <Filter>Source Files\OpenGLDataStructures\Quat</Filter>
    </ClCompile>
    <ClCompile Include="QuatRotationRecord.cpp">
      <Filter>Source Files\OpenGLDataStructures\Quat</Filter>
    </ClCompile>
    <ClCompile Include="QuatRotationManager.cpp">
      <Filter>Source Files\OpenGLDataStructures\Quat</Filter>
    </ClCompile>
    <ClCompile Include="PointTranslationCheck.cpp">
      <Filter>Source Files\OpenGLDataStructures</Filter>
    </ClCompile>
    <ClCompile Include="TileCoordinateProducer.cpp">
      <Filter>Source Files\OpenGLDataStructures\Tile</Filter>
    </ClCompile>
    <ClCompile Include="OrganicPolygon.cpp">
      <Filter>Source Files</Filter>
    </ClCompile>
    <ClCompile Include="UVCoordProducer.cpp">
      <Filter>Source Files\OpenGLDataStructures\UV</Filter>
    </ClCompile>
    <ClCompile Include="UVCoordProducerEnclaveTriangle.cpp">
      <Filter>Source Files\OpenGLDataStructures\UV</Filter>
    </ClCompile>
    <ClCompile Include="UVCoordProducerECBPoly.cpp">
      <Filter>Source Files\OpenGLDataStructures\UV</Filter>
    </ClCompile>
    <ClCompile Include="OrganicTriangle.cpp">
      <Filter>Source Files\Organic</Filter>
    </ClCompile>
    <ClCompile Include="EnclavePolyMap.cpp">
      <Filter>Source Files\Organic</Filter>
    </ClCompile>
    <ClCompile Include="EPolyMap.cpp">
      <Filter>Source Files\Organic</Filter>
    </ClCompile>
    <ClCompile Include="EnclavePoly.cpp">
      <Filter>Source Files\Organic</Filter>
    </ClCompile>
    <ClCompile Include="MassDriverLimitArray.cpp">
      <Filter>Source Files\Organic\MassDriving</Filter>
    </ClCompile>
    <ClCompile Include="OrganicVtxColorDict.cpp">
      <Filter>Source Files\OpenGLDataStructures\OrganicVtxColor</Filter>
    </ClCompile>
    <ClCompile Include="EnclaveFractureResultsMap.cpp">
      <Filter>Source Files\Blueprints</Filter>
    </ClCompile>
    <ClCompile Include="OrganicRawManifest.cpp">
      <Filter>Source Files\Blueprints</Filter>
    </ClCompile>
    <ClCompile Include="OrganicVtxColorMeta.cpp">
      <Filter>Source Files\OpenGLDataStructures\OrganicVtxColor</Filter>
    </ClCompile>
    <ClCompile Include="OrganicTriangleCatalog.cpp">
      <Filter>Source Files\Organic</Filter>
    </ClCompile>
    <ClCompile Include="EnclaveCollectionBlueprint.cpp">
      <Filter>Source Files\Blueprints</Filter>
    </ClCompile>
    <ClCompile Include="BlueprintSyncTracker.cpp">
      <Filter>Source Files\Blueprints</Filter>
    </ClCompile>
    <ClCompile Include="EnclaveTriangleSkeletonSupergroupManager.cpp">
      <Filter>Source Files\Blueprints\ORE\EnclaveTriangle</Filter>
    </ClCompile>
    <ClCompile Include="EnclaveTriangleSkeleton.cpp">
      <Filter>Source Files\Blueprints\ORE\EnclaveTriangle</Filter>
    </ClCompile>
    <ClCompile Include="FanManager.cpp">
      <Filter>Source Files\Blueprints\ORE\EnclaveBlock\Fan</Filter>
    </ClCompile>
    <ClCompile Include="FanBase.cpp">
      <Filter>Source Files\Blueprints\ORE\EnclaveBlock\Fan</Filter>
    </ClCompile>
    <ClCompile Include="ThinFan.cpp">
      <Filter>Source Files\Blueprints\ORE\EnclaveBlock\Fan</Filter>
    </ClCompile>
    <ClCompile Include="FatFan.cpp">
      <Filter>Source Files\Blueprints\ORE\EnclaveBlock\Fan</Filter>
    </ClCompile>
    <ClCompile Include="ReconstitutedBlueprint.cpp">
      <Filter>Source Files\Blueprints\ReconstitutedBlueprint</Filter>
    </ClCompile>
    <ClCompile Include="ReconstitutionManager.cpp">
      <Filter>Source Files\Blueprints\ReconstitutedBlueprint</Filter>
    </ClCompile>
    <ClCompile Include="HashUtils.cpp">
      <Filter>Source Files\HashUtils</Filter>
    </ClCompile>
    <ClCompile Include="FTrianglePointUVCalculator.cpp">
      <Filter>Source Files\FracturableTriangle</Filter>
    </ClCompile>
    <ClCompile Include="FTrianglePointUVLinkContainer.cpp">
      <Filter>Source Files\FracturableTriangle\FTrianglePointUVProducer</Filter>
    </ClCompile>
    <ClCompile Include="FTrianglePointUVProducer.cpp">
      <Filter>Source Files\FracturableTriangle\FTrianglePointUVProducer</Filter>
    </ClCompile>
    <ClCompile Include="WorldTextureFracturingMachine.cpp">
      <Filter>Source Files\FracturableTriangle\DimensionalLineScanners\FracturingMachines\World</Filter>
    </ClCompile>
    <ClCompile Include="RenderableTriangleBase.cpp">
      <Filter>Source Files\RType</Filter>
    </ClCompile>
    <ClCompile Include="RenderableTiledTriangle.cpp">
      <Filter>Source Files\RType</Filter>
    </ClCompile>
    <ClCompile Include="RenderableTriangleContainerManager.cpp">
      <Filter>Source Files\RType</Filter>
    </ClCompile>
    <ClCompile Include="RenderableTriangleContainer.cpp">
      <Filter>Source Files\RType</Filter>
    </ClCompile>
    <ClCompile Include="RenderableTriangleHandler.cpp">
      <Filter>Source Files\RType</Filter>
    </ClCompile>
    <ClCompile Include="FBarycentricCoordProducer.cpp">
      <Filter>Source Files\FracturableTriangle</Filter>
    </ClCompile>
    <ClCompile Include="FTriangleUVCalculator.cpp">
      <Filter>Source Files\FracturableTriangle</Filter>
    </ClCompile>
  </ItemGroup>
</Project>